// !$*UTF8*$!
{
	archiveVersion = 1;
	classes = {
	};
	objectVersion = 46;
	objects = {

/* Begin PBXBuildFile section */
		B51F7AC81D2E5A2000603478 /* AppDelegate.swift in Sources */ = {isa = PBXBuildFile; fileRef = B51F7AC71D2E5A2000603478 /* AppDelegate.swift */; };
		B51F7ACF1D2E5A2000603478 /* Assets.xcassets in Resources */ = {isa = PBXBuildFile; fileRef = B51F7ACE1D2E5A2000603478 /* Assets.xcassets */; };
		B51F7AD21D2E5A2000603478 /* LaunchScreen.storyboard in Resources */ = {isa = PBXBuildFile; fileRef = B51F7AD01D2E5A2000603478 /* LaunchScreen.storyboard */; };
		B5BC27BC1D2F736D008DBDB6 /* ViewController.swift in Sources */ = {isa = PBXBuildFile; fileRef = B5BC27BB1D2F736D008DBDB6 /* ViewController.swift */; };
		B5BC27BE1D2F7387008DBDB6 /* Main.storyboard in Resources */ = {isa = PBXBuildFile; fileRef = B5BC27BD1D2F7387008DBDB6 /* Main.storyboard */; };
		B5FA96A71D338DE500529EA3 /* DogHybridAssets.xcassets in Resources */ = {isa = PBXBuildFile; fileRef = B5FA96A61D338DE500529EA3 /* DogHybridAssets.xcassets */; };
		B5FA96B11D3513D000529EA3 /* DogHybrid.framework in Frameworks */ = {isa = PBXBuildFile; fileRef = B5FA96B01D3513D000529EA3 /* DogHybrid.framework */; settings = {ATTRIBUTES = (Required, ); }; };
		B5FA96B21D35174800529EA3 /* DogHybrid.framework in Resources */ = {isa = PBXBuildFile; fileRef = B5FA96B01D3513D000529EA3 /* DogHybrid.framework */; };
		B5FA96B41D3517B700529EA3 /* DogHybrid.framework in CopyFiles */ = {isa = PBXBuildFile; fileRef = B5FA96B01D3513D000529EA3 /* DogHybrid.framework */; settings = {ATTRIBUTES = (CodeSignOnCopy, RemoveHeadersOnCopy, ); }; };
/* End PBXBuildFile section */

/* Begin PBXCopyFilesBuildPhase section */
		B5FA96B31D3517A800529EA3 /* CopyFiles */ = {
			isa = PBXCopyFilesBuildPhase;
			buildActionMask = 2147483647;
			dstPath = "";
			dstSubfolderSpec = 10;
			files = (
				B5FA96B41D3517B700529EA3 /* DogHybrid.framework in CopyFiles */,
			);
			runOnlyForDeploymentPostprocessing = 0;
		};
/* End PBXCopyFilesBuildPhase section */

/* Begin PBXFileReference section */
		B51F7AC41D2E5A2000603478 /* HybridApp.app */ = {isa = PBXFileReference; explicitFileType = wrapper.application; includeInIndex = 0; path = HybridApp.app; sourceTree = BUILT_PRODUCTS_DIR; };
		B51F7AC71D2E5A2000603478 /* AppDelegate.swift */ = {isa = PBXFileReference; lastKnownFileType = sourcecode.swift; path = AppDelegate.swift; sourceTree = "<group>"; };
		B51F7ACE1D2E5A2000603478 /* Assets.xcassets */ = {isa = PBXFileReference; lastKnownFileType = folder.assetcatalog; path = Assets.xcassets; sourceTree = "<group>"; };
		B51F7AD11D2E5A2000603478 /* Base */ = {isa = PBXFileReference; lastKnownFileType = file.storyboard; name = Base; path = Base.lproj/LaunchScreen.storyboard; sourceTree = "<group>"; };
		B51F7AD31D2E5A2000603478 /* Info.plist */ = {isa = PBXFileReference; lastKnownFileType = text.plist.xml; path = Info.plist; sourceTree = "<group>"; };
		B5BC27BB1D2F736D008DBDB6 /* ViewController.swift */ = {isa = PBXFileReference; fileEncoding = 4; lastKnownFileType = sourcecode.swift; path = ViewController.swift; sourceTree = "<group>"; };
		B5BC27BD1D2F7387008DBDB6 /* Main.storyboard */ = {isa = PBXFileReference; fileEncoding = 4; lastKnownFileType = file.storyboard; path = Main.storyboard; sourceTree = "<group>"; };
		B5FA96A61D338DE500529EA3 /* DogHybridAssets.xcassets */ = {isa = PBXFileReference; lastKnownFileType = folder.assetcatalog; path = DogHybridAssets.xcassets; sourceTree = "<group>"; };
		B5FA96B01D3513D000529EA3 /* DogHybrid.framework */ = {isa = PBXFileReference; lastKnownFileType = wrapper.framework; name = DogHybrid.framework; path = "../../../Library/Developer/Xcode/DerivedData/MedHybridSpace-cvpznzygcuhqbqaljiaiioutlwuh/Build/Products/Debug-iphoneos/DogHybrid.framework"; sourceTree = "<group>"; };
/* End PBXFileReference section */

/* Begin PBXFrameworksBuildPhase section */
		B51F7AC11D2E5A2000603478 /* Frameworks */ = {
			isa = PBXFrameworksBuildPhase;
			buildActionMask = 2147483647;
			files = (
				B5FA96B11D3513D000529EA3 /* DogHybrid.framework in Frameworks */,
			);
			runOnlyForDeploymentPostprocessing = 0;
		};
/* End PBXFrameworksBuildPhase section */

/* Begin PBXGroup section */
		B51F7ABB1D2E5A2000603478 = {
			isa = PBXGroup;
			children = (
				B5FA96B01D3513D000529EA3 /* DogHybrid.framework */,
				B51F7AC61D2E5A2000603478 /* HybridApp */,
				B51F7AC51D2E5A2000603478 /* Products */,
			);
			sourceTree = "<group>";
		};
		B51F7AC51D2E5A2000603478 /* Products */ = {
			isa = PBXGroup;
			children = (
				B51F7AC41D2E5A2000603478 /* HybridApp.app */,
			);
			name = Products;
			sourceTree = "<group>";
		};
		B51F7AC61D2E5A2000603478 /* HybridApp */ = {
			isa = PBXGroup;
			children = (
				B5FA96A61D338DE500529EA3 /* DogHybridAssets.xcassets */,
				B5BC27BD1D2F7387008DBDB6 /* Main.storyboard */,
				B51F7AC71D2E5A2000603478 /* AppDelegate.swift */,
				B5BC27BB1D2F736D008DBDB6 /* ViewController.swift */,
				B51F7ACE1D2E5A2000603478 /* Assets.xcassets */,
				B51F7AD01D2E5A2000603478 /* LaunchScreen.storyboard */,
				B51F7AD31D2E5A2000603478 /* Info.plist */,
			);
			path = HybridApp;
			sourceTree = "<group>";
		};
/* End PBXGroup section */

/* Begin PBXNativeTarget section */
		B51F7AC31D2E5A2000603478 /* HybridApp */ = {
			isa = PBXNativeTarget;
			buildConfigurationList = B51F7AD61D2E5A2000603478 /* Build configuration list for PBXNativeTarget "HybridApp" */;
			buildPhases = (
				B51F7AC01D2E5A2000603478 /* Sources */,
				B51F7AC11D2E5A2000603478 /* Frameworks */,
				B51F7AC21D2E5A2000603478 /* Resources */,
				B5FA96B31D3517A800529EA3 /* CopyFiles */,
			);
			buildRules = (
			);
			dependencies = (
			);
			name = HybridApp;
			productName = HybridApp;
			productReference = B51F7AC41D2E5A2000603478 /* HybridApp.app */;
			productType = "com.apple.product-type.application";
		};
/* End PBXNativeTarget section */

/* Begin PBXProject section */
		B51F7ABC1D2E5A2000603478 /* Project object */ = {
			isa = PBXProject;
			attributes = {
				LastSwiftUpdateCheck = 0730;
				LastUpgradeCheck = 0730;
				ORGANIZATIONNAME = Cy;
				TargetAttributes = {
					B51F7AC31D2E5A2000603478 = {
						CreatedOnToolsVersion = 7.3.1;
					};
				};
			};
			buildConfigurationList = B51F7ABF1D2E5A2000603478 /* Build configuration list for PBXProject "HybridApp" */;
			compatibilityVersion = "Xcode 3.2";
			developmentRegion = English;
			hasScannedForEncodings = 0;
			knownRegions = (
				en,
				Base,
			);
			mainGroup = B51F7ABB1D2E5A2000603478;
			productRefGroup = B51F7AC51D2E5A2000603478 /* Products */;
			projectDirPath = "";
			projectRoot = "";
			targets = (
				B51F7AC31D2E5A2000603478 /* HybridApp */,
			);
		};
/* End PBXProject section */

/* Begin PBXResourcesBuildPhase section */
		B51F7AC21D2E5A2000603478 /* Resources */ = {
			isa = PBXResourcesBuildPhase;
			buildActionMask = 2147483647;
			files = (
				B5FA96B21D35174800529EA3 /* DogHybrid.framework in Resources */,
				B5BC27BE1D2F7387008DBDB6 /* Main.storyboard in Resources */,
				B51F7AD21D2E5A2000603478 /* LaunchScreen.storyboard in Resources */,
				B51F7ACF1D2E5A2000603478 /* Assets.xcassets in Resources */,
				B5FA96A71D338DE500529EA3 /* DogHybridAssets.xcassets in Resources */,
			);
			runOnlyForDeploymentPostprocessing = 0;
		};
/* End PBXResourcesBuildPhase section */

/* Begin PBXSourcesBuildPhase section */
		B51F7AC01D2E5A2000603478 /* Sources */ = {
			isa = PBXSourcesBuildPhase;
			buildActionMask = 2147483647;
			files = (
				B5BC27BC1D2F736D008DBDB6 /* ViewController.swift in Sources */,
				B51F7AC81D2E5A2000603478 /* AppDelegate.swift in Sources */,
			);
			runOnlyForDeploymentPostprocessing = 0;
		};
/* End PBXSourcesBuildPhase section */

/* Begin PBXVariantGroup section */
		B51F7AD01D2E5A2000603478 /* LaunchScreen.storyboard */ = {
			isa = PBXVariantGroup;
			children = (
				B51F7AD11D2E5A2000603478 /* Base */,
			);
			name = LaunchScreen.storyboard;
			sourceTree = "<group>";
		};
/* End PBXVariantGroup section */

/* Begin XCBuildConfiguration section */
		B51F7AD41D2E5A2000603478 /* Debug */ = {
			isa = XCBuildConfiguration;
			buildSettings = {
				ALWAYS_SEARCH_USER_PATHS = NO;
				CLANG_ANALYZER_NONNULL = YES;
				CLANG_CXX_LANGUAGE_STANDARD = "gnu++0x";
				CLANG_CXX_LIBRARY = "libc++";
				CLANG_ENABLE_MODULES = YES;
				CLANG_ENABLE_OBJC_ARC = YES;
				CLANG_WARN_BOOL_CONVERSION = YES;
				CLANG_WARN_CONSTANT_CONVERSION = YES;
				CLANG_WARN_DIRECT_OBJC_ISA_USAGE = YES_ERROR;
				CLANG_WARN_EMPTY_BODY = YES;
				CLANG_WARN_ENUM_CONVERSION = YES;
				CLANG_WARN_INT_CONVERSION = YES;
				CLANG_WARN_OBJC_ROOT_CLASS = YES_ERROR;
				CLANG_WARN_UNREACHABLE_CODE = YES;
				CLANG_WARN__DUPLICATE_METHOD_MATCH = YES;
				"CODE_SIGN_IDENTITY[sdk=iphoneos*]" = "iPhone Developer";
				COPY_PHASE_STRIP = NO;
				DEBUG_INFORMATION_FORMAT = dwarf;
				ENABLE_STRICT_OBJC_MSGSEND = YES;
				ENABLE_TESTABILITY = YES;
				GCC_C_LANGUAGE_STANDARD = gnu99;
				GCC_DYNAMIC_NO_PIC = NO;
				GCC_NO_COMMON_BLOCKS = YES;
				GCC_OPTIMIZATION_LEVEL = 0;
				GCC_PREPROCESSOR_DEFINITIONS = (
					"DEBUG=1",
					"$(inherited)",
				);
				GCC_WARN_64_TO_32_BIT_CONVERSION = YES;
				GCC_WARN_ABOUT_RETURN_TYPE = YES_ERROR;
				GCC_WARN_UNDECLARED_SELECTOR = YES;
				GCC_WARN_UNINITIALIZED_AUTOS = YES_AGGRESSIVE;
				GCC_WARN_UNUSED_FUNCTION = YES;
				GCC_WARN_UNUSED_VARIABLE = YES;
				IPHONEOS_DEPLOYMENT_TARGET = 9.3;
				MTL_ENABLE_DEBUG_INFO = YES;
				ONLY_ACTIVE_ARCH = YES;
				SDKROOT = iphoneos;
				SWIFT_OPTIMIZATION_LEVEL = "-Onone";
				TARGETED_DEVICE_FAMILY = "1,2";
			};
			name = Debug;
		};
		B51F7AD51D2E5A2000603478 /* Release */ = {
			isa = XCBuildConfiguration;
			buildSettings = {
				ALWAYS_SEARCH_USER_PATHS = NO;
				CLANG_ANALYZER_NONNULL = YES;
				CLANG_CXX_LANGUAGE_STANDARD = "gnu++0x";
				CLANG_CXX_LIBRARY = "libc++";
				CLANG_ENABLE_MODULES = YES;
				CLANG_ENABLE_OBJC_ARC = YES;
				CLANG_WARN_BOOL_CONVERSION = YES;
				CLANG_WARN_CONSTANT_CONVERSION = YES;
				CLANG_WARN_DIRECT_OBJC_ISA_USAGE = YES_ERROR;
				CLANG_WARN_EMPTY_BODY = YES;
				CLANG_WARN_ENUM_CONVERSION = YES;
				CLANG_WARN_INT_CONVERSION = YES;
				CLANG_WARN_OBJC_ROOT_CLASS = YES_ERROR;
				CLANG_WARN_UNREACHABLE_CODE = YES;
				CLANG_WARN__DUPLICATE_METHOD_MATCH = YES;
				"CODE_SIGN_IDENTITY[sdk=iphoneos*]" = "iPhone Developer";
				COPY_PHASE_STRIP = NO;
				DEBUG_INFORMATION_FORMAT = "dwarf-with-dsym";
				ENABLE_NS_ASSERTIONS = NO;
				ENABLE_STRICT_OBJC_MSGSEND = YES;
				GCC_C_LANGUAGE_STANDARD = gnu99;
				GCC_NO_COMMON_BLOCKS = YES;
				GCC_WARN_64_TO_32_BIT_CONVERSION = YES;
				GCC_WARN_ABOUT_RETURN_TYPE = YES_ERROR;
				GCC_WARN_UNDECLARED_SELECTOR = YES;
				GCC_WARN_UNINITIALIZED_AUTOS = YES_AGGRESSIVE;
				GCC_WARN_UNUSED_FUNCTION = YES;
				GCC_WARN_UNUSED_VARIABLE = YES;
				IPHONEOS_DEPLOYMENT_TARGET = 9.3;
				MTL_ENABLE_DEBUG_INFO = NO;
				SDKROOT = iphoneos;
				TARGETED_DEVICE_FAMILY = "1,2";
				VALIDATE_PRODUCT = YES;
			};
			name = Release;
		};
		B51F7AD71D2E5A2000603478 /* Debug */ = {
			isa = XCBuildConfiguration;
			buildSettings = {
				ASSETCATALOG_COMPILER_APPICON_NAME = AppIcon;
				EMBEDDED_CONTENT_CONTAINS_SWIFT = NO;
				INFOPLIST_FILE = HybridApp/Info.plist;
				IPHONEOS_DEPLOYMENT_TARGET = 7.0;
				LD_RUNPATH_SEARCH_PATHS = "$(inherited) @executable_path/Frameworks";
				PRODUCT_BUNDLE_IDENTIFIER = Cy.HybridApp;
				PRODUCT_NAME = "$(TARGET_NAME)";
			};
			name = Debug;
		};
		B51F7AD81D2E5A2000603478 /* Release */ = {
			isa = XCBuildConfiguration;
			buildSettings = {
				ASSETCATALOG_COMPILER_APPICON_NAME = AppIcon;
				EMBEDDED_CONTENT_CONTAINS_SWIFT = NO;
				INFOPLIST_FILE = HybridApp/Info.plist;
				IPHONEOS_DEPLOYMENT_TARGET = 7.0;
				LD_RUNPATH_SEARCH_PATHS = "$(inherited) @executable_path/Frameworks";
				PRODUCT_BUNDLE_IDENTIFIER = Cy.HybridApp;
				PRODUCT_NAME = "$(TARGET_NAME)";
			};
			name = Release;
		};
/* End XCBuildConfiguration section */

/* Begin XCConfigurationList section */
		B51F7ABF1D2E5A2000603478 /* Build configuration list for PBXProject "HybridApp" */ = {
			isa = XCConfigurationList;
			buildConfigurations = (
				B51F7AD41D2E5A2000603478 /* Debug */,
				B51F7AD51D2E5A2000603478 /* Release */,
			);
			defaultConfigurationIsVisible = 0;
			defaultConfigurationName = Release;
		};
		B51F7AD61D2E5A2000603478 /* Build configuration list for PBXNativeTarget "HybridApp" */ = {
			isa = XCConfigurationList;
			buildConfigurations = (
				B51F7AD71D2E5A2000603478 /* Debug */,
				B51F7AD81D2E5A2000603478 /* Release */,
			);
			defaultConfigurationIsVisible = 0;
			defaultConfigurationName = Release;
		};
/* End XCConfigurationList section */
	};
	rootObject = B51F7ABC1D2E5A2000603478 /* Project object */;
}
