// !$*UTF8*$!
{
	archiveVersion = 1;
	classes = {
	};
	objectVersion = 46;
	objects = {

/* Begin PBXBuildFile section */
		B51F796D1D2E058800603478 /* AFHTTPSessionManager.m in Sources */ = {isa = PBXBuildFile; fileRef = B51F79611D2E058800603478 /* AFHTTPSessionManager.m */; };
		B51F796E1D2E058800603478 /* AFNetworkReachabilityManager.m in Sources */ = {isa = PBXBuildFile; fileRef = B51F79641D2E058800603478 /* AFNetworkReachabilityManager.m */; };
		B51F796F1D2E058800603478 /* AFSecurityPolicy.m in Sources */ = {isa = PBXBuildFile; fileRef = B51F79661D2E058800603478 /* AFSecurityPolicy.m */; };
		B51F79701D2E058800603478 /* AFURLRequestSerialization.m in Sources */ = {isa = PBXBuildFile; fileRef = B51F79681D2E058800603478 /* AFURLRequestSerialization.m */; };
		B51F79711D2E058800603478 /* AFURLResponseSerialization.m in Sources */ = {isa = PBXBuildFile; fileRef = B51F796A1D2E058800603478 /* AFURLResponseSerialization.m */; };
		B51F79721D2E058800603478 /* AFURLSessionManager.m in Sources */ = {isa = PBXBuildFile; fileRef = B51F796C1D2E058800603478 /* AFURLSessionManager.m */; };
		B51F7A601D2E4A7400603478 /* FuckingDogHybrid.framework in Frameworks */ = {isa = PBXBuildFile; fileRef = B51F7A5F1D2E4A7400603478 /* FuckingDogHybrid.framework */; };
		B5A077171CFE882A00795DF8 /* libz.tbd in Frameworks */ = {isa = PBXBuildFile; fileRef = B5A077161CFE882A00795DF8 /* libz.tbd */; };
		B5D2202F1CE46F6900750A50 /* AppDelegate.swift in Sources */ = {isa = PBXBuildFile; fileRef = B5D2202E1CE46F6900750A50 /* AppDelegate.swift */; };
		B5D220311CE46F6900750A50 /* ViewController.swift in Sources */ = {isa = PBXBuildFile; fileRef = B5D220301CE46F6900750A50 /* ViewController.swift */; };
		B5D220341CE46F6900750A50 /* Main.storyboard in Resources */ = {isa = PBXBuildFile; fileRef = B5D220321CE46F6900750A50 /* Main.storyboard */; };
		B5D220361CE46F6900750A50 /* Assets.xcassets in Resources */ = {isa = PBXBuildFile; fileRef = B5D220351CE46F6900750A50 /* Assets.xcassets */; };
		B5D220391CE46F6900750A50 /* LaunchScreen.storyboard in Resources */ = {isa = PBXBuildFile; fileRef = B5D220371CE46F6900750A50 /* LaunchScreen.storyboard */; };
		B5D220441CE46F6900750A50 /* Hybrid_MedlinkerTests.swift in Sources */ = {isa = PBXBuildFile; fileRef = B5D220431CE46F6900750A50 /* Hybrid_MedlinkerTests.swift */; };
		B5D2204F1CE46F6900750A50 /* Hybrid_MedlinkerUITests.swift in Sources */ = {isa = PBXBuildFile; fileRef = B5D2204E1CE46F6900750A50 /* Hybrid_MedlinkerUITests.swift */; };
		B5D2205F1CE470FA00750A50 /* JavaScriptCore.framework in Frameworks */ = {isa = PBXBuildFile; fileRef = B5D2205E1CE470FA00750A50 /* JavaScriptCore.framework */; };
		B5D220611CE4710A00750A50 /* CFNetwork.framework in Frameworks */ = {isa = PBXBuildFile; fileRef = B5D220601CE4710A00750A50 /* CFNetwork.framework */; };
		B5D220651CE4756400750A50 /* WebTestViewController.swift in Sources */ = {isa = PBXBuildFile; fileRef = B5D220641CE4756400750A50 /* WebTestViewController.swift */; };
/* End PBXBuildFile section */

/* Begin PBXContainerItemProxy section */
		B5D220401CE46F6900750A50 /* PBXContainerItemProxy */ = {
			isa = PBXContainerItemProxy;
			containerPortal = B5D220231CE46F6900750A50 /* Project object */;
			proxyType = 1;
			remoteGlobalIDString = B5D2202A1CE46F6900750A50;
			remoteInfo = Hybrid_Medlinker;
		};
		B5D2204B1CE46F6900750A50 /* PBXContainerItemProxy */ = {
			isa = PBXContainerItemProxy;
			containerPortal = B5D220231CE46F6900750A50 /* Project object */;
			proxyType = 1;
			remoteGlobalIDString = B5D2202A1CE46F6900750A50;
			remoteInfo = Hybrid_Medlinker;
		};
/* End PBXContainerItemProxy section */

/* Begin PBXCopyFilesBuildPhase section */
		B51F77C31D2DF59600603478 /* Embed Frameworks */ = {
			isa = PBXCopyFilesBuildPhase;
			buildActionMask = 2147483647;
			dstPath = "";
			dstSubfolderSpec = 10;
			files = (
			);
			name = "Embed Frameworks";
			runOnlyForDeploymentPostprocessing = 0;
		};
/* End PBXCopyFilesBuildPhase section */

/* Begin PBXFileReference section */
		B51F79601D2E058800603478 /* AFHTTPSessionManager.h */ = {isa = PBXFileReference; fileEncoding = 4; lastKnownFileType = sourcecode.c.h; path = AFHTTPSessionManager.h; sourceTree = "<group>"; };
		B51F79611D2E058800603478 /* AFHTTPSessionManager.m */ = {isa = PBXFileReference; fileEncoding = 4; lastKnownFileType = sourcecode.c.objc; path = AFHTTPSessionManager.m; sourceTree = "<group>"; };
		B51F79621D2E058800603478 /* AFNetworking.h */ = {isa = PBXFileReference; fileEncoding = 4; lastKnownFileType = sourcecode.c.h; path = AFNetworking.h; sourceTree = "<group>"; };
		B51F79631D2E058800603478 /* AFNetworkReachabilityManager.h */ = {isa = PBXFileReference; fileEncoding = 4; lastKnownFileType = sourcecode.c.h; path = AFNetworkReachabilityManager.h; sourceTree = "<group>"; };
		B51F79641D2E058800603478 /* AFNetworkReachabilityManager.m */ = {isa = PBXFileReference; fileEncoding = 4; lastKnownFileType = sourcecode.c.objc; path = AFNetworkReachabilityManager.m; sourceTree = "<group>"; };
		B51F79651D2E058800603478 /* AFSecurityPolicy.h */ = {isa = PBXFileReference; fileEncoding = 4; lastKnownFileType = sourcecode.c.h; path = AFSecurityPolicy.h; sourceTree = "<group>"; };
		B51F79661D2E058800603478 /* AFSecurityPolicy.m */ = {isa = PBXFileReference; fileEncoding = 4; lastKnownFileType = sourcecode.c.objc; path = AFSecurityPolicy.m; sourceTree = "<group>"; };
		B51F79671D2E058800603478 /* AFURLRequestSerialization.h */ = {isa = PBXFileReference; fileEncoding = 4; lastKnownFileType = sourcecode.c.h; path = AFURLRequestSerialization.h; sourceTree = "<group>"; };
		B51F79681D2E058800603478 /* AFURLRequestSerialization.m */ = {isa = PBXFileReference; fileEncoding = 4; lastKnownFileType = sourcecode.c.objc; path = AFURLRequestSerialization.m; sourceTree = "<group>"; };
		B51F79691D2E058800603478 /* AFURLResponseSerialization.h */ = {isa = PBXFileReference; fileEncoding = 4; lastKnownFileType = sourcecode.c.h; path = AFURLResponseSerialization.h; sourceTree = "<group>"; };
		B51F796A1D2E058800603478 /* AFURLResponseSerialization.m */ = {isa = PBXFileReference; fileEncoding = 4; lastKnownFileType = sourcecode.c.objc; path = AFURLResponseSerialization.m; sourceTree = "<group>"; };
		B51F796B1D2E058800603478 /* AFURLSessionManager.h */ = {isa = PBXFileReference; fileEncoding = 4; lastKnownFileType = sourcecode.c.h; path = AFURLSessionManager.h; sourceTree = "<group>"; };
		B51F796C1D2E058800603478 /* AFURLSessionManager.m */ = {isa = PBXFileReference; fileEncoding = 4; lastKnownFileType = sourcecode.c.objc; path = AFURLSessionManager.m; sourceTree = "<group>"; };
		B51F7A5F1D2E4A7400603478 /* FuckingDogHybrid.framework */ = {isa = PBXFileReference; lastKnownFileType = wrapper.framework; name = FuckingDogHybrid.framework; path = "../../Documents/FuckingDogHybrid/build/Debug-iphoneos/FuckingDogHybrid.framework"; sourceTree = "<group>"; };
		B5A077161CFE882A00795DF8 /* libz.tbd */ = {isa = PBXFileReference; lastKnownFileType = "sourcecode.text-based-dylib-definition"; name = libz.tbd; path = usr/lib/libz.tbd; sourceTree = SDKROOT; };
		B5D2202B1CE46F6900750A50 /* Hybrid_Medlinker.app */ = {isa = PBXFileReference; explicitFileType = wrapper.application; includeInIndex = 0; path = Hybrid_Medlinker.app; sourceTree = BUILT_PRODUCTS_DIR; };
		B5D2202E1CE46F6900750A50 /* AppDelegate.swift */ = {isa = PBXFileReference; lastKnownFileType = sourcecode.swift; path = AppDelegate.swift; sourceTree = "<group>"; };
		B5D220301CE46F6900750A50 /* ViewController.swift */ = {isa = PBXFileReference; lastKnownFileType = sourcecode.swift; path = ViewController.swift; sourceTree = "<group>"; };
		B5D220331CE46F6900750A50 /* Base */ = {isa = PBXFileReference; lastKnownFileType = file.storyboard; name = Base; path = Base.lproj/Main.storyboard; sourceTree = "<group>"; };
		B5D220351CE46F6900750A50 /* Assets.xcassets */ = {isa = PBXFileReference; lastKnownFileType = folder.assetcatalog; path = Assets.xcassets; sourceTree = "<group>"; };
		B5D220381CE46F6900750A50 /* Base */ = {isa = PBXFileReference; lastKnownFileType = file.storyboard; name = Base; path = Base.lproj/LaunchScreen.storyboard; sourceTree = "<group>"; };
		B5D2203A1CE46F6900750A50 /* Info.plist */ = {isa = PBXFileReference; lastKnownFileType = text.plist.xml; path = Info.plist; sourceTree = "<group>"; };
		B5D2203F1CE46F6900750A50 /* Hybrid_MedlinkerTests.xctest */ = {isa = PBXFileReference; explicitFileType = wrapper.cfbundle; includeInIndex = 0; path = Hybrid_MedlinkerTests.xctest; sourceTree = BUILT_PRODUCTS_DIR; };
		B5D220431CE46F6900750A50 /* Hybrid_MedlinkerTests.swift */ = {isa = PBXFileReference; lastKnownFileType = sourcecode.swift; path = Hybrid_MedlinkerTests.swift; sourceTree = "<group>"; };
		B5D220451CE46F6900750A50 /* Info.plist */ = {isa = PBXFileReference; lastKnownFileType = text.plist.xml; path = Info.plist; sourceTree = "<group>"; };
		B5D2204A1CE46F6900750A50 /* Hybrid_MedlinkerUITests.xctest */ = {isa = PBXFileReference; explicitFileType = wrapper.cfbundle; includeInIndex = 0; path = Hybrid_MedlinkerUITests.xctest; sourceTree = BUILT_PRODUCTS_DIR; };
		B5D2204E1CE46F6900750A50 /* Hybrid_MedlinkerUITests.swift */ = {isa = PBXFileReference; lastKnownFileType = sourcecode.swift; path = Hybrid_MedlinkerUITests.swift; sourceTree = "<group>"; };
		B5D220501CE46F6900750A50 /* Info.plist */ = {isa = PBXFileReference; lastKnownFileType = text.plist.xml; path = Info.plist; sourceTree = "<group>"; };
		B5D2205E1CE470FA00750A50 /* JavaScriptCore.framework */ = {isa = PBXFileReference; lastKnownFileType = wrapper.framework; name = JavaScriptCore.framework; path = System/Library/Frameworks/JavaScriptCore.framework; sourceTree = SDKROOT; };
		B5D220601CE4710A00750A50 /* CFNetwork.framework */ = {isa = PBXFileReference; lastKnownFileType = wrapper.framework; name = CFNetwork.framework; path = System/Library/Frameworks/CFNetwork.framework; sourceTree = SDKROOT; };
		B5D220641CE4756400750A50 /* WebTestViewController.swift */ = {isa = PBXFileReference; fileEncoding = 4; lastKnownFileType = sourcecode.swift; path = WebTestViewController.swift; sourceTree = "<group>"; };
		B5D220671CE4A3DC00750A50 /* Hybrid_Medlinker-Bridging-Header.h */ = {isa = PBXFileReference; lastKnownFileType = sourcecode.c.h; path = "Hybrid_Medlinker-Bridging-Header.h"; sourceTree = "<group>"; };
/* End PBXFileReference section */

/* Begin PBXFrameworksBuildPhase section */
		B5D220281CE46F6900750A50 /* Frameworks */ = {
			isa = PBXFrameworksBuildPhase;
			buildActionMask = 2147483647;
			files = (
				B51F7A601D2E4A7400603478 /* FuckingDogHybrid.framework in Frameworks */,
				B5A077171CFE882A00795DF8 /* libz.tbd in Frameworks */,
				B5D220611CE4710A00750A50 /* CFNetwork.framework in Frameworks */,
				B5D2205F1CE470FA00750A50 /* JavaScriptCore.framework in Frameworks */,
			);
			runOnlyForDeploymentPostprocessing = 0;
		};
		B5D2203C1CE46F6900750A50 /* Frameworks */ = {
			isa = PBXFrameworksBuildPhase;
			buildActionMask = 2147483647;
			files = (
			);
			runOnlyForDeploymentPostprocessing = 0;
		};
		B5D220471CE46F6900750A50 /* Frameworks */ = {
			isa = PBXFrameworksBuildPhase;
			buildActionMask = 2147483647;
			files = (
			);
			runOnlyForDeploymentPostprocessing = 0;
		};
/* End PBXFrameworksBuildPhase section */

/* Begin PBXGroup section */
		B51F795F1D2E058800603478 /* AFNetworking */ = {
			isa = PBXGroup;
			children = (
				B51F79601D2E058800603478 /* AFHTTPSessionManager.h */,
				B51F79611D2E058800603478 /* AFHTTPSessionManager.m */,
				B51F79621D2E058800603478 /* AFNetworking.h */,
				B51F79631D2E058800603478 /* AFNetworkReachabilityManager.h */,
				B51F79641D2E058800603478 /* AFNetworkReachabilityManager.m */,
				B51F79651D2E058800603478 /* AFSecurityPolicy.h */,
				B51F79661D2E058800603478 /* AFSecurityPolicy.m */,
				B51F79671D2E058800603478 /* AFURLRequestSerialization.h */,
				B51F79681D2E058800603478 /* AFURLRequestSerialization.m */,
				B51F79691D2E058800603478 /* AFURLResponseSerialization.h */,
				B51F796A1D2E058800603478 /* AFURLResponseSerialization.m */,
				B51F796B1D2E058800603478 /* AFURLSessionManager.h */,
				B51F796C1D2E058800603478 /* AFURLSessionManager.m */,
			);
			name = AFNetworking;
			path = DogHybird/Tool/AFNetworking;
			sourceTree = "<group>";
		};
		B555E69C1CF6A06100003B4E /* Resources */ = {
			isa = PBXGroup;
			children = (
				B5D220351CE46F6900750A50 /* Assets.xcassets */,
				B5D220671CE4A3DC00750A50 /* Hybrid_Medlinker-Bridging-Header.h */,
				B5D2203A1CE46F6900750A50 /* Info.plist */,
				B5D220371CE46F6900750A50 /* LaunchScreen.storyboard */,
			);
			path = Resources;
			sourceTree = "<group>";
		};
		B555E69D1CF6A07400003B4E /* Controller */ = {
			isa = PBXGroup;
			children = (
				B5D2202E1CE46F6900750A50 /* AppDelegate.swift */,
				B5D220301CE46F6900750A50 /* ViewController.swift */,
				B5D220641CE4756400750A50 /* WebTestViewController.swift */,
			);
			path = Controller;
			sourceTree = "<group>";
		};
		B555E69E1CF6A08000003B4E /* View */ = {
			isa = PBXGroup;
			children = (
				B5D220321CE46F6900750A50 /* Main.storyboard */,
			);
			path = View;
			sourceTree = "<group>";
		};
		B5D220221CE46F6900750A50 = {
			isa = PBXGroup;
			children = (
				B51F7A5F1D2E4A7400603478 /* FuckingDogHybrid.framework */,
				B5D2202D1CE46F6900750A50 /* Hybrid_Medlinker */,
				B5D220421CE46F6900750A50 /* Hybrid_MedlinkerTests */,
				B5D2204D1CE46F6900750A50 /* Hybrid_MedlinkerUITests */,
				B5D2202C1CE46F6900750A50 /* Products */,
				B5D220601CE4710A00750A50 /* CFNetwork.framework */,
				B5D2205E1CE470FA00750A50 /* JavaScriptCore.framework */,
				B5A077161CFE882A00795DF8 /* libz.tbd */,
			);
			sourceTree = "<group>";
		};
		B5D2202C1CE46F6900750A50 /* Products */ = {
			isa = PBXGroup;
			children = (
				B5D2202B1CE46F6900750A50 /* Hybrid_Medlinker.app */,
				B5D2203F1CE46F6900750A50 /* Hybrid_MedlinkerTests.xctest */,
				B5D2204A1CE46F6900750A50 /* Hybrid_MedlinkerUITests.xctest */,
			);
			name = Products;
			sourceTree = "<group>";
		};
		B5D2202D1CE46F6900750A50 /* Hybrid_Medlinker */ = {
			isa = PBXGroup;
			children = (
				B51F795F1D2E058800603478 /* AFNetworking */,
				B555E69D1CF6A07400003B4E /* Controller */,
				B555E69C1CF6A06100003B4E /* Resources */,
				B555E69E1CF6A08000003B4E /* View */,
			);
			path = Hybrid_Medlinker;
			sourceTree = "<group>";
		};
		B5D220421CE46F6900750A50 /* Hybrid_MedlinkerTests */ = {
			isa = PBXGroup;
			children = (
				B5D220431CE46F6900750A50 /* Hybrid_MedlinkerTests.swift */,
				B5D220451CE46F6900750A50 /* Info.plist */,
			);
			path = Hybrid_MedlinkerTests;
			sourceTree = "<group>";
		};
		B5D2204D1CE46F6900750A50 /* Hybrid_MedlinkerUITests */ = {
			isa = PBXGroup;
			children = (
				B5D2204E1CE46F6900750A50 /* Hybrid_MedlinkerUITests.swift */,
				B5D220501CE46F6900750A50 /* Info.plist */,
			);
			path = Hybrid_MedlinkerUITests;
			sourceTree = "<group>";
		};
/* End PBXGroup section */

/* Begin PBXNativeTarget section */
		B5D2202A1CE46F6900750A50 /* Hybrid_Medlinker */ = {
			isa = PBXNativeTarget;
			buildConfigurationList = B5D220531CE46F6900750A50 /* Build configuration list for PBXNativeTarget "Hybrid_Medlinker" */;
			buildPhases = (
				B5D220271CE46F6900750A50 /* Sources */,
				B5D220281CE46F6900750A50 /* Frameworks */,
				B5D220291CE46F6900750A50 /* Resources */,
				B51F77C31D2DF59600603478 /* Embed Frameworks */,
			);
			buildRules = (
			);
			dependencies = (
			);
			name = Hybrid_Medlinker;
			productName = Hybrid_Medlinker;
			productReference = B5D2202B1CE46F6900750A50 /* Hybrid_Medlinker.app */;
			productType = "com.apple.product-type.application";
		};
		B5D2203E1CE46F6900750A50 /* Hybrid_MedlinkerTests */ = {
			isa = PBXNativeTarget;
			buildConfigurationList = B5D220561CE46F6900750A50 /* Build configuration list for PBXNativeTarget "Hybrid_MedlinkerTests" */;
			buildPhases = (
				B5D2203B1CE46F6900750A50 /* Sources */,
				B5D2203C1CE46F6900750A50 /* Frameworks */,
				B5D2203D1CE46F6900750A50 /* Resources */,
			);
			buildRules = (
			);
			dependencies = (
				B5D220411CE46F6900750A50 /* PBXTargetDependency */,
			);
			name = Hybrid_MedlinkerTests;
			productName = Hybrid_MedlinkerTests;
			productReference = B5D2203F1CE46F6900750A50 /* Hybrid_MedlinkerTests.xctest */;
			productType = "com.apple.product-type.bundle.unit-test";
		};
		B5D220491CE46F6900750A50 /* Hybrid_MedlinkerUITests */ = {
			isa = PBXNativeTarget;
			buildConfigurationList = B5D220591CE46F6900750A50 /* Build configuration list for PBXNativeTarget "Hybrid_MedlinkerUITests" */;
			buildPhases = (
				B5D220461CE46F6900750A50 /* Sources */,
				B5D220471CE46F6900750A50 /* Frameworks */,
				B5D220481CE46F6900750A50 /* Resources */,
			);
			buildRules = (
			);
			dependencies = (
				B5D2204C1CE46F6900750A50 /* PBXTargetDependency */,
			);
			name = Hybrid_MedlinkerUITests;
			productName = Hybrid_MedlinkerUITests;
			productReference = B5D2204A1CE46F6900750A50 /* Hybrid_MedlinkerUITests.xctest */;
			productType = "com.apple.product-type.bundle.ui-testing";
		};
/* End PBXNativeTarget section */

/* Begin PBXProject section */
		B5D220231CE46F6900750A50 /* Project object */ = {
			isa = PBXProject;
			attributes = {
				LastSwiftUpdateCheck = 0730;
				LastUpgradeCheck = 0730;
				ORGANIZATIONNAME = caiyang;
				TargetAttributes = {
					B5D2202A1CE46F6900750A50 = {
						CreatedOnToolsVersion = 7.3.1;
						DevelopmentTeam = 298LEY82V6;
					};
					B5D2203E1CE46F6900750A50 = {
						CreatedOnToolsVersion = 7.3.1;
						TestTargetID = B5D2202A1CE46F6900750A50;
					};
					B5D220491CE46F6900750A50 = {
						CreatedOnToolsVersion = 7.3.1;
						TestTargetID = B5D2202A1CE46F6900750A50;
					};
				};
			};
			buildConfigurationList = B5D220261CE46F6900750A50 /* Build configuration list for PBXProject "Hybrid_Medlinker" */;
			compatibilityVersion = "Xcode 3.2";
			developmentRegion = English;
			hasScannedForEncodings = 0;
			knownRegions = (
				en,
				Base,
			);
			mainGroup = B5D220221CE46F6900750A50;
			productRefGroup = B5D2202C1CE46F6900750A50 /* Products */;
			projectDirPath = "";
			projectRoot = "";
			targets = (
				B5D2202A1CE46F6900750A50 /* Hybrid_Medlinker */,
				B5D2203E1CE46F6900750A50 /* Hybrid_MedlinkerTests */,
				B5D220491CE46F6900750A50 /* Hybrid_MedlinkerUITests */,
			);
		};
/* End PBXProject section */

/* Begin PBXResourcesBuildPhase section */
		B5D220291CE46F6900750A50 /* Resources */ = {
			isa = PBXResourcesBuildPhase;
			buildActionMask = 2147483647;
			files = (
				B5D220391CE46F6900750A50 /* LaunchScreen.storyboard in Resources */,
				B5D220361CE46F6900750A50 /* Assets.xcassets in Resources */,
				B5D220341CE46F6900750A50 /* Main.storyboard in Resources */,
			);
			runOnlyForDeploymentPostprocessing = 0;
		};
		B5D2203D1CE46F6900750A50 /* Resources */ = {
			isa = PBXResourcesBuildPhase;
			buildActionMask = 2147483647;
			files = (
			);
			runOnlyForDeploymentPostprocessing = 0;
		};
		B5D220481CE46F6900750A50 /* Resources */ = {
			isa = PBXResourcesBuildPhase;
			buildActionMask = 2147483647;
			files = (
			);
			runOnlyForDeploymentPostprocessing = 0;
		};
/* End PBXResourcesBuildPhase section */

/* Begin PBXSourcesBuildPhase section */
		B5D220271CE46F6900750A50 /* Sources */ = {
			isa = PBXSourcesBuildPhase;
			buildActionMask = 2147483647;
			files = (
				B51F79721D2E058800603478 /* AFURLSessionManager.m in Sources */,
				B5D220311CE46F6900750A50 /* ViewController.swift in Sources */,
				B5D220651CE4756400750A50 /* WebTestViewController.swift in Sources */,
				B51F796E1D2E058800603478 /* AFNetworkReachabilityManager.m in Sources */,
				B5D2202F1CE46F6900750A50 /* AppDelegate.swift in Sources */,
				B51F796F1D2E058800603478 /* AFSecurityPolicy.m in Sources */,
				B51F79701D2E058800603478 /* AFURLRequestSerialization.m in Sources */,
				B51F79711D2E058800603478 /* AFURLResponseSerialization.m in Sources */,
				B51F796D1D2E058800603478 /* AFHTTPSessionManager.m in Sources */,
			);
			runOnlyForDeploymentPostprocessing = 0;
		};
		B5D2203B1CE46F6900750A50 /* Sources */ = {
			isa = PBXSourcesBuildPhase;
			buildActionMask = 2147483647;
			files = (
				B5D220441CE46F6900750A50 /* Hybrid_MedlinkerTests.swift in Sources */,
			);
			runOnlyForDeploymentPostprocessing = 0;
		};
		B5D220461CE46F6900750A50 /* Sources */ = {
			isa = PBXSourcesBuildPhase;
			buildActionMask = 2147483647;
			files = (
				B5D2204F1CE46F6900750A50 /* Hybrid_MedlinkerUITests.swift in Sources */,
			);
			runOnlyForDeploymentPostprocessing = 0;
		};
/* End PBXSourcesBuildPhase section */

/* Begin PBXTargetDependency section */
		B5D220411CE46F6900750A50 /* PBXTargetDependency */ = {
			isa = PBXTargetDependency;
			target = B5D2202A1CE46F6900750A50 /* Hybrid_Medlinker */;
			targetProxy = B5D220401CE46F6900750A50 /* PBXContainerItemProxy */;
		};
		B5D2204C1CE46F6900750A50 /* PBXTargetDependency */ = {
			isa = PBXTargetDependency;
			target = B5D2202A1CE46F6900750A50 /* Hybrid_Medlinker */;
			targetProxy = B5D2204B1CE46F6900750A50 /* PBXContainerItemProxy */;
		};
/* End PBXTargetDependency section */

/* Begin PBXVariantGroup section */
		B5D220321CE46F6900750A50 /* Main.storyboard */ = {
			isa = PBXVariantGroup;
			children = (
				B5D220331CE46F6900750A50 /* Base */,
			);
			name = Main.storyboard;
			path = .;
			sourceTree = "<group>";
		};
		B5D220371CE46F6900750A50 /* LaunchScreen.storyboard */ = {
			isa = PBXVariantGroup;
			children = (
				B5D220381CE46F6900750A50 /* Base */,
			);
			name = LaunchScreen.storyboard;
			path = .;
			sourceTree = "<group>";
		};
/* End PBXVariantGroup section */

/* Begin XCBuildConfiguration section */
		B5D220511CE46F6900750A50 /* Debug */ = {
			isa = XCBuildConfiguration;
			buildSettings = {
				ALWAYS_SEARCH_USER_PATHS = NO;
				CLANG_ANALYZER_NONNULL = YES;
				CLANG_CXX_LANGUAGE_STANDARD = "gnu++0x";
				CLANG_CXX_LIBRARY = "libc++";
				CLANG_ENABLE_MODULES = YES;
				CLANG_ENABLE_OBJC_ARC = YES;
				CLANG_WARN_BOOL_CONVERSION = YES;
				CLANG_WARN_CONSTANT_CONVERSION = YES;
				CLANG_WARN_DIRECT_OBJC_ISA_USAGE = YES_ERROR;
				CLANG_WARN_EMPTY_BODY = YES;
				CLANG_WARN_ENUM_CONVERSION = YES;
				CLANG_WARN_INT_CONVERSION = YES;
				CLANG_WARN_OBJC_ROOT_CLASS = YES_ERROR;
				CLANG_WARN_UNREACHABLE_CODE = YES;
				CLANG_WARN__DUPLICATE_METHOD_MATCH = YES;
				"CODE_SIGN_IDENTITY[sdk=iphoneos*]" = "iPhone Developer";
				COPY_PHASE_STRIP = NO;
				DEBUG_INFORMATION_FORMAT = dwarf;
				ENABLE_STRICT_OBJC_MSGSEND = YES;
				ENABLE_TESTABILITY = YES;
				GCC_C_LANGUAGE_STANDARD = gnu99;
				GCC_DYNAMIC_NO_PIC = NO;
				GCC_NO_COMMON_BLOCKS = YES;
				GCC_OPTIMIZATION_LEVEL = 0;
				GCC_PREPROCESSOR_DEFINITIONS = (
					"DEBUG=1",
					"$(inherited)",
				);
				GCC_WARN_64_TO_32_BIT_CONVERSION = YES;
				GCC_WARN_ABOUT_RETURN_TYPE = YES_ERROR;
				GCC_WARN_UNDECLARED_SELECTOR = YES;
				GCC_WARN_UNINITIALIZED_AUTOS = YES_AGGRESSIVE;
				GCC_WARN_UNUSED_FUNCTION = YES;
				GCC_WARN_UNUSED_VARIABLE = YES;
				IPHONEOS_DEPLOYMENT_TARGET = 9.3;
				MTL_ENABLE_DEBUG_INFO = YES;
				ONLY_ACTIVE_ARCH = YES;
				SDKROOT = iphoneos;
				SWIFT_OPTIMIZATION_LEVEL = "-Onone";
				TARGETED_DEVICE_FAMILY = "1,2";
			};
			name = Debug;
		};
		B5D220521CE46F6900750A50 /* Release */ = {
			isa = XCBuildConfiguration;
			buildSettings = {
				ALWAYS_SEARCH_USER_PATHS = NO;
				CLANG_ANALYZER_NONNULL = YES;
				CLANG_CXX_LANGUAGE_STANDARD = "gnu++0x";
				CLANG_CXX_LIBRARY = "libc++";
				CLANG_ENABLE_MODULES = YES;
				CLANG_ENABLE_OBJC_ARC = YES;
				CLANG_WARN_BOOL_CONVERSION = YES;
				CLANG_WARN_CONSTANT_CONVERSION = YES;
				CLANG_WARN_DIRECT_OBJC_ISA_USAGE = YES_ERROR;
				CLANG_WARN_EMPTY_BODY = YES;
				CLANG_WARN_ENUM_CONVERSION = YES;
				CLANG_WARN_INT_CONVERSION = YES;
				CLANG_WARN_OBJC_ROOT_CLASS = YES_ERROR;
				CLANG_WARN_UNREACHABLE_CODE = YES;
				CLANG_WARN__DUPLICATE_METHOD_MATCH = YES;
				"CODE_SIGN_IDENTITY[sdk=iphoneos*]" = "iPhone Developer";
				COPY_PHASE_STRIP = NO;
				DEBUG_INFORMATION_FORMAT = "dwarf-with-dsym";
				ENABLE_NS_ASSERTIONS = NO;
				ENABLE_STRICT_OBJC_MSGSEND = YES;
				GCC_C_LANGUAGE_STANDARD = gnu99;
				GCC_NO_COMMON_BLOCKS = YES;
				GCC_WARN_64_TO_32_BIT_CONVERSION = YES;
				GCC_WARN_ABOUT_RETURN_TYPE = YES_ERROR;
				GCC_WARN_UNDECLARED_SELECTOR = YES;
				GCC_WARN_UNINITIALIZED_AUTOS = YES_AGGRESSIVE;
				GCC_WARN_UNUSED_FUNCTION = YES;
				GCC_WARN_UNUSED_VARIABLE = YES;
				IPHONEOS_DEPLOYMENT_TARGET = 9.3;
				MTL_ENABLE_DEBUG_INFO = NO;
				SDKROOT = iphoneos;
				TARGETED_DEVICE_FAMILY = "1,2";
				VALIDATE_PRODUCT = YES;
			};
			name = Release;
		};
		B5D220541CE46F6900750A50 /* Debug */ = {
			isa = XCBuildConfiguration;
			buildSettings = {
				ASSETCATALOG_COMPILER_APPICON_NAME = AppIcon;
				CLANG_ENABLE_MODULES = YES;
				CODE_SIGN_IDENTITY = "iPhone Developer";
				HEADER_SEARCH_PATHS = "";
				INFOPLIST_FILE = Hybrid_Medlinker/Resources/Info.plist;
				IPHONEOS_DEPLOYMENT_TARGET = 7.0;
				LD_RUNPATH_SEARCH_PATHS = "$(inherited) @executable_path/Frameworks";
				LIBRARY_SEARCH_PATHS = "";
				PRODUCT_BUNDLE_IDENTIFIER = "caiyang.Hybrid-Medlinker";
				PRODUCT_NAME = "$(TARGET_NAME)";
				SWIFT_OBJC_BRIDGING_HEADER = "Hybrid_Medlinker/Resources/Hybrid_Medlinker-Bridging-Header.h";
				SWIFT_OPTIMIZATION_LEVEL = "-Onone";
			};
			name = Debug;
		};
		B5D220551CE46F6900750A50 /* Release */ = {
			isa = XCBuildConfiguration;
			buildSettings = {
				ASSETCATALOG_COMPILER_APPICON_NAME = AppIcon;
				CLANG_ENABLE_MODULES = YES;
				CODE_SIGN_IDENTITY = "iPhone Developer";
				HEADER_SEARCH_PATHS = "";
				INFOPLIST_FILE = Hybrid_Medlinker/Resources/Info.plist;
				IPHONEOS_DEPLOYMENT_TARGET = 7.0;
				LD_RUNPATH_SEARCH_PATHS = "$(inherited) @executable_path/Frameworks";
				LIBRARY_SEARCH_PATHS = "";
				PRODUCT_BUNDLE_IDENTIFIER = "caiyang.Hybrid-Medlinker";
				PRODUCT_NAME = "$(TARGET_NAME)";
				SWIFT_OBJC_BRIDGING_HEADER = "Hybrid_Medlinker/Resources/Hybrid_Medlinker-Bridging-Header.h";
			};
			name = Release;
		};
		B5D220571CE46F6900750A50 /* Debug */ = {
			isa = XCBuildConfiguration;
			buildSettings = {
				BUNDLE_LOADER = "$(TEST_HOST)";
				INFOPLIST_FILE = Hybrid_MedlinkerTests/Info.plist;
				LD_RUNPATH_SEARCH_PATHS = "$(inherited) @executable_path/Frameworks @loader_path/Frameworks";
				PRODUCT_BUNDLE_IDENTIFIER = "caiyang.Hybrid-MedlinkerTests";
				PRODUCT_NAME = "$(TARGET_NAME)";
				TEST_HOST = "$(BUILT_PRODUCTS_DIR)/Hybrid_Medlinker.app/Hybrid_Medlinker";
			};
			name = Debug;
		};
		B5D220581CE46F6900750A50 /* Release */ = {
			isa = XCBuildConfiguration;
			buildSettings = {
				BUNDLE_LOADER = "$(TEST_HOST)";
				INFOPLIST_FILE = Hybrid_MedlinkerTests/Info.plist;
				LD_RUNPATH_SEARCH_PATHS = "$(inherited) @executable_path/Frameworks @loader_path/Frameworks";
				PRODUCT_BUNDLE_IDENTIFIER = "caiyang.Hybrid-MedlinkerTests";
				PRODUCT_NAME = "$(TARGET_NAME)";
				TEST_HOST = "$(BUILT_PRODUCTS_DIR)/Hybrid_Medlinker.app/Hybrid_Medlinker";
			};
			name = Release;
		};
		B5D2205A1CE46F6900750A50 /* Debug */ = {
			isa = XCBuildConfiguration;
			buildSettings = {
				INFOPLIST_FILE = Hybrid_MedlinkerUITests/Info.plist;
				LD_RUNPATH_SEARCH_PATHS = "$(inherited) @executable_path/Frameworks @loader_path/Frameworks";
				PRODUCT_BUNDLE_IDENTIFIER = "caiyang.Hybrid-MedlinkerUITests";
				PRODUCT_NAME = "$(TARGET_NAME)";
				TEST_TARGET_NAME = Hybrid_Medlinker;
			};
			name = Debug;
		};
		B5D2205B1CE46F6900750A50 /* Release */ = {
			isa = XCBuildConfiguration;
			buildSettings = {
				INFOPLIST_FILE = Hybrid_MedlinkerUITests/Info.plist;
				LD_RUNPATH_SEARCH_PATHS = "$(inherited) @executable_path/Frameworks @loader_path/Frameworks";
				PRODUCT_BUNDLE_IDENTIFIER = "caiyang.Hybrid-MedlinkerUITests";
				PRODUCT_NAME = "$(TARGET_NAME)";
				TEST_TARGET_NAME = Hybrid_Medlinker;
			};
			name = Release;
		};
/* End XCBuildConfiguration section */

/* Begin XCConfigurationList section */
		B5D220261CE46F6900750A50 /* Build configuration list for PBXProject "Hybrid_Medlinker" */ = {
			isa = XCConfigurationList;
			buildConfigurations = (
				B5D220511CE46F6900750A50 /* Debug */,
				B5D220521CE46F6900750A50 /* Release */,
			);
			defaultConfigurationIsVisible = 0;
			defaultConfigurationName = Release;
		};
		B5D220531CE46F6900750A50 /* Build configuration list for PBXNativeTarget "Hybrid_Medlinker" */ = {
			isa = XCConfigurationList;
			buildConfigurations = (
				B5D220541CE46F6900750A50 /* Debug */,
				B5D220551CE46F6900750A50 /* Release */,
			);
			defaultConfigurationIsVisible = 0;
			defaultConfigurationName = Release;
		};
		B5D220561CE46F6900750A50 /* Build configuration list for PBXNativeTarget "Hybrid_MedlinkerTests" */ = {
			isa = XCConfigurationList;
			buildConfigurations = (
				B5D220571CE46F6900750A50 /* Debug */,
				B5D220581CE46F6900750A50 /* Release */,
			);
			defaultConfigurationIsVisible = 0;
			defaultConfigurationName = Release;
		};
		B5D220591CE46F6900750A50 /* Build configuration list for PBXNativeTarget "Hybrid_MedlinkerUITests" */ = {
			isa = XCConfigurationList;
			buildConfigurations = (
				B5D2205A1CE46F6900750A50 /* Debug */,
				B5D2205B1CE46F6900750A50 /* Release */,
			);
			defaultConfigurationIsVisible = 0;
			defaultConfigurationName = Release;
		};
/* End XCConfigurationList section */
	};
	rootObject = B5D220231CE46F6900750A50 /* Project object */;
}
