// !$*UTF8*$!
{
	archiveVersion = 1;
	classes = {
	};
	objectVersion = 46;
	objects = {

/* Begin PBXBuildFile section */
		0D756DC41CFDDCFB00C71E9E /* DogHybirdResources in Resources */ = {isa = PBXBuildFile; fileRef = 0D756DC31CFDDCFB00C71E9E /* DogHybirdResources */; };
		B555E6A11CF8213700003B4E /* UIView+ML.swift in Sources */ = {isa = PBXBuildFile; fileRef = B555E69F1CF8213700003B4E /* UIView+ML.swift */; };
		B555E6A21CF8213700003B4E /* UIViewController+ML.swift in Sources */ = {isa = PBXBuildFile; fileRef = B555E6A01CF8213700003B4E /* UIViewController+ML.swift */; };
		B586C9C21CF59D3700EAAE26 /* HybirdTransionPush.swift in Sources */ = {isa = PBXBuildFile; fileRef = B586C9C11CF59D3700EAAE26 /* HybirdTransionPush.swift */; };
		B5A076DD1CFC126C00795DF8 /* DogHybirdURLProtocol.swift in Sources */ = {isa = PBXBuildFile; fileRef = B5A076DC1CFC126C00795DF8 /* DogHybirdURLProtocol.swift */; };
		B5A076DF1CFD8CE700795DF8 /* MLTools.swift in Sources */ = {isa = PBXBuildFile; fileRef = B5A076DE1CFD8CE700795DF8 /* MLTools.swift */; };
		B5D2202F1CE46F6900750A50 /* AppDelegate.swift in Sources */ = {isa = PBXBuildFile; fileRef = B5D2202E1CE46F6900750A50 /* AppDelegate.swift */; };
		B5D220311CE46F6900750A50 /* ViewController.swift in Sources */ = {isa = PBXBuildFile; fileRef = B5D220301CE46F6900750A50 /* ViewController.swift */; };
		B5D220341CE46F6900750A50 /* Main.storyboard in Resources */ = {isa = PBXBuildFile; fileRef = B5D220321CE46F6900750A50 /* Main.storyboard */; };
		B5D220361CE46F6900750A50 /* Assets.xcassets in Resources */ = {isa = PBXBuildFile; fileRef = B5D220351CE46F6900750A50 /* Assets.xcassets */; };
		B5D220391CE46F6900750A50 /* LaunchScreen.storyboard in Resources */ = {isa = PBXBuildFile; fileRef = B5D220371CE46F6900750A50 /* LaunchScreen.storyboard */; };
		B5D220441CE46F6900750A50 /* Hybrid_MedlinkerTests.swift in Sources */ = {isa = PBXBuildFile; fileRef = B5D220431CE46F6900750A50 /* Hybrid_MedlinkerTests.swift */; };
		B5D2204F1CE46F6900750A50 /* Hybrid_MedlinkerUITests.swift in Sources */ = {isa = PBXBuildFile; fileRef = B5D2204E1CE46F6900750A50 /* Hybrid_MedlinkerUITests.swift */; };
		B5D2205D1CE4708000750A50 /* MLWebView.swift in Sources */ = {isa = PBXBuildFile; fileRef = B5D2205C1CE4708000750A50 /* MLWebView.swift */; };
		B5D2205F1CE470FA00750A50 /* JavaScriptCore.framework in Frameworks */ = {isa = PBXBuildFile; fileRef = B5D2205E1CE470FA00750A50 /* JavaScriptCore.framework */; };
		B5D220611CE4710A00750A50 /* CFNetwork.framework in Frameworks */ = {isa = PBXBuildFile; fileRef = B5D220601CE4710A00750A50 /* CFNetwork.framework */; };
		B5D220631CE4728800750A50 /* MLWebViewController.swift in Sources */ = {isa = PBXBuildFile; fileRef = B5D220621CE4728800750A50 /* MLWebViewController.swift */; };
		B5D220651CE4756400750A50 /* WebTestViewController.swift in Sources */ = {isa = PBXBuildFile; fileRef = B5D220641CE4756400750A50 /* WebTestViewController.swift */; };
		B5D2206B1CE4A3DD00750A50 /* UIControl+YYAdd.m in Sources */ = {isa = PBXBuildFile; fileRef = B5D220691CE4A3DD00750A50 /* UIControl+YYAdd.m */; };
		B5D220801CE5840000750A50 /* AFHTTPSessionManager.m in Sources */ = {isa = PBXBuildFile; fileRef = B5D220741CE5840000750A50 /* AFHTTPSessionManager.m */; };
		B5D220811CE5840000750A50 /* AFNetworkReachabilityManager.m in Sources */ = {isa = PBXBuildFile; fileRef = B5D220771CE5840000750A50 /* AFNetworkReachabilityManager.m */; };
		B5D220821CE5840000750A50 /* AFSecurityPolicy.m in Sources */ = {isa = PBXBuildFile; fileRef = B5D220791CE5840000750A50 /* AFSecurityPolicy.m */; };
		B5D220831CE5840000750A50 /* AFURLRequestSerialization.m in Sources */ = {isa = PBXBuildFile; fileRef = B5D2207B1CE5840000750A50 /* AFURLRequestSerialization.m */; };
		B5D220841CE5840000750A50 /* AFURLResponseSerialization.m in Sources */ = {isa = PBXBuildFile; fileRef = B5D2207D1CE5840000750A50 /* AFURLResponseSerialization.m */; };
		B5D220851CE5840000750A50 /* AFURLSessionManager.m in Sources */ = {isa = PBXBuildFile; fileRef = B5D2207F1CE5840000750A50 /* AFURLSessionManager.m */; };
		B5D2209B1CE5840D00750A50 /* AFAutoPurgingImageCache.m in Sources */ = {isa = PBXBuildFile; fileRef = B5D220881CE5840D00750A50 /* AFAutoPurgingImageCache.m */; };
		B5D2209C1CE5840D00750A50 /* AFImageDownloader.m in Sources */ = {isa = PBXBuildFile; fileRef = B5D2208A1CE5840D00750A50 /* AFImageDownloader.m */; };
		B5D2209D1CE5840D00750A50 /* AFNetworkActivityIndicatorManager.m in Sources */ = {isa = PBXBuildFile; fileRef = B5D2208C1CE5840D00750A50 /* AFNetworkActivityIndicatorManager.m */; };
		B5D2209E1CE5840D00750A50 /* UIActivityIndicatorView+AFNetworking.m in Sources */ = {isa = PBXBuildFile; fileRef = B5D2208E1CE5840D00750A50 /* UIActivityIndicatorView+AFNetworking.m */; };
		B5D2209F1CE5840D00750A50 /* UIButton+AFNetworking.m in Sources */ = {isa = PBXBuildFile; fileRef = B5D220901CE5840D00750A50 /* UIButton+AFNetworking.m */; };
		B5D220A01CE5840D00750A50 /* UIImageView+AFNetworking.m in Sources */ = {isa = PBXBuildFile; fileRef = B5D220931CE5840D00750A50 /* UIImageView+AFNetworking.m */; };
		B5D220A11CE5840D00750A50 /* UIProgressView+AFNetworking.m in Sources */ = {isa = PBXBuildFile; fileRef = B5D220961CE5840D00750A50 /* UIProgressView+AFNetworking.m */; };
		B5D220A21CE5840D00750A50 /* UIRefreshControl+AFNetworking.m in Sources */ = {isa = PBXBuildFile; fileRef = B5D220981CE5840D00750A50 /* UIRefreshControl+AFNetworking.m */; };
		B5D220A31CE5840D00750A50 /* UIWebView+AFNetworking.m in Sources */ = {isa = PBXBuildFile; fileRef = B5D2209A1CE5840D00750A50 /* UIWebView+AFNetworking.m */; };
		B5D220A51CE589B700750A50 /* HybridNaviTitleView.swift in Sources */ = {isa = PBXBuildFile; fileRef = B5D220A41CE589B700750A50 /* HybridNaviTitleView.swift */; };
		B5D220A71CE58AD900750A50 /* String+Height.swift in Sources */ = {isa = PBXBuildFile; fileRef = B5D220A61CE58AD900750A50 /* String+Height.swift */; };
		B5D220AE1CE5A34900750A50 /* NSObject+YYModel.m in Sources */ = {isa = PBXBuildFile; fileRef = B5D220AA1CE5A34900750A50 /* NSObject+YYModel.m */; };
		B5D220AF1CE5A34900750A50 /* YYClassInfo.m in Sources */ = {isa = PBXBuildFile; fileRef = B5D220AC1CE5A34900750A50 /* YYClassInfo.m */; };
		B5D220B21CE5A44900750A50 /* Hybrid_titleModel.swift in Sources */ = {isa = PBXBuildFile; fileRef = B5D220B11CE5A44900750A50 /* Hybrid_titleModel.swift */; };
		B5D220B41CE5A46D00750A50 /* Hybrid_naviButtonModel.swift in Sources */ = {isa = PBXBuildFile; fileRef = B5D220B31CE5A46D00750A50 /* Hybrid_naviButtonModel.swift */; };
		B5D220B61CE5AA0000750A50 /* Hybrid_headerModel.swift in Sources */ = {isa = PBXBuildFile; fileRef = B5D220B51CE5AA0000750A50 /* Hybrid_headerModel.swift */; };
/* End PBXBuildFile section */

/* Begin PBXContainerItemProxy section */
		B5D220401CE46F6900750A50 /* PBXContainerItemProxy */ = {
			isa = PBXContainerItemProxy;
			containerPortal = B5D220231CE46F6900750A50 /* Project object */;
			proxyType = 1;
			remoteGlobalIDString = B5D2202A1CE46F6900750A50;
			remoteInfo = Hybrid_Medlinker;
		};
		B5D2204B1CE46F6900750A50 /* PBXContainerItemProxy */ = {
			isa = PBXContainerItemProxy;
			containerPortal = B5D220231CE46F6900750A50 /* Project object */;
			proxyType = 1;
			remoteGlobalIDString = B5D2202A1CE46F6900750A50;
			remoteInfo = Hybrid_Medlinker;
		};
/* End PBXContainerItemProxy section */

/* Begin PBXFileReference section */
		0D756DC31CFDDCFB00C71E9E /* DogHybirdResources */ = {isa = PBXFileReference; lastKnownFileType = folder; path = DogHybirdResources; sourceTree = "<group>"; };
		B555E69F1CF8213700003B4E /* UIView+ML.swift */ = {isa = PBXFileReference; fileEncoding = 4; lastKnownFileType = sourcecode.swift; path = "UIView+ML.swift"; sourceTree = "<group>"; };
		B555E6A01CF8213700003B4E /* UIViewController+ML.swift */ = {isa = PBXFileReference; fileEncoding = 4; lastKnownFileType = sourcecode.swift; path = "UIViewController+ML.swift"; sourceTree = "<group>"; };
		B586C9C11CF59D3700EAAE26 /* HybirdTransionPush.swift */ = {isa = PBXFileReference; fileEncoding = 4; lastKnownFileType = sourcecode.swift; path = HybirdTransionPush.swift; sourceTree = "<group>"; };
		B5A076DC1CFC126C00795DF8 /* DogHybirdURLProtocol.swift */ = {isa = PBXFileReference; fileEncoding = 4; lastKnownFileType = sourcecode.swift; path = DogHybirdURLProtocol.swift; sourceTree = "<group>"; };
		B5A076DE1CFD8CE700795DF8 /* MLTools.swift */ = {isa = PBXFileReference; fileEncoding = 4; lastKnownFileType = sourcecode.swift; path = MLTools.swift; sourceTree = "<group>"; };
		B5D2202B1CE46F6900750A50 /* Hybrid_Medlinker.app */ = {isa = PBXFileReference; explicitFileType = wrapper.application; includeInIndex = 0; path = Hybrid_Medlinker.app; sourceTree = BUILT_PRODUCTS_DIR; };
		B5D2202E1CE46F6900750A50 /* AppDelegate.swift */ = {isa = PBXFileReference; lastKnownFileType = sourcecode.swift; path = AppDelegate.swift; sourceTree = "<group>"; };
		B5D220301CE46F6900750A50 /* ViewController.swift */ = {isa = PBXFileReference; lastKnownFileType = sourcecode.swift; path = ViewController.swift; sourceTree = "<group>"; };
		B5D220331CE46F6900750A50 /* Base */ = {isa = PBXFileReference; lastKnownFileType = file.storyboard; name = Base; path = Base.lproj/Main.storyboard; sourceTree = "<group>"; };
		B5D220351CE46F6900750A50 /* Assets.xcassets */ = {isa = PBXFileReference; lastKnownFileType = folder.assetcatalog; path = Assets.xcassets; sourceTree = "<group>"; };
		B5D220381CE46F6900750A50 /* Base */ = {isa = PBXFileReference; lastKnownFileType = file.storyboard; name = Base; path = Base.lproj/LaunchScreen.storyboard; sourceTree = "<group>"; };
		B5D2203A1CE46F6900750A50 /* Info.plist */ = {isa = PBXFileReference; lastKnownFileType = text.plist.xml; path = Info.plist; sourceTree = "<group>"; };
		B5D2203F1CE46F6900750A50 /* Hybrid_MedlinkerTests.xctest */ = {isa = PBXFileReference; explicitFileType = wrapper.cfbundle; includeInIndex = 0; path = Hybrid_MedlinkerTests.xctest; sourceTree = BUILT_PRODUCTS_DIR; };
		B5D220431CE46F6900750A50 /* Hybrid_MedlinkerTests.swift */ = {isa = PBXFileReference; lastKnownFileType = sourcecode.swift; path = Hybrid_MedlinkerTests.swift; sourceTree = "<group>"; };
		B5D220451CE46F6900750A50 /* Info.plist */ = {isa = PBXFileReference; lastKnownFileType = text.plist.xml; path = Info.plist; sourceTree = "<group>"; };
		B5D2204A1CE46F6900750A50 /* Hybrid_MedlinkerUITests.xctest */ = {isa = PBXFileReference; explicitFileType = wrapper.cfbundle; includeInIndex = 0; path = Hybrid_MedlinkerUITests.xctest; sourceTree = BUILT_PRODUCTS_DIR; };
		B5D2204E1CE46F6900750A50 /* Hybrid_MedlinkerUITests.swift */ = {isa = PBXFileReference; lastKnownFileType = sourcecode.swift; path = Hybrid_MedlinkerUITests.swift; sourceTree = "<group>"; };
		B5D220501CE46F6900750A50 /* Info.plist */ = {isa = PBXFileReference; lastKnownFileType = text.plist.xml; path = Info.plist; sourceTree = "<group>"; };
		B5D2205C1CE4708000750A50 /* MLWebView.swift */ = {isa = PBXFileReference; fileEncoding = 4; lastKnownFileType = sourcecode.swift; path = MLWebView.swift; sourceTree = "<group>"; };
		B5D2205E1CE470FA00750A50 /* JavaScriptCore.framework */ = {isa = PBXFileReference; lastKnownFileType = wrapper.framework; name = JavaScriptCore.framework; path = System/Library/Frameworks/JavaScriptCore.framework; sourceTree = SDKROOT; };
		B5D220601CE4710A00750A50 /* CFNetwork.framework */ = {isa = PBXFileReference; lastKnownFileType = wrapper.framework; name = CFNetwork.framework; path = System/Library/Frameworks/CFNetwork.framework; sourceTree = SDKROOT; };
		B5D220621CE4728800750A50 /* MLWebViewController.swift */ = {isa = PBXFileReference; fileEncoding = 4; lastKnownFileType = sourcecode.swift; path = MLWebViewController.swift; sourceTree = "<group>"; };
		B5D220641CE4756400750A50 /* WebTestViewController.swift */ = {isa = PBXFileReference; fileEncoding = 4; lastKnownFileType = sourcecode.swift; path = WebTestViewController.swift; sourceTree = "<group>"; };
		B5D220671CE4A3DC00750A50 /* Hybrid_Medlinker-Bridging-Header.h */ = {isa = PBXFileReference; lastKnownFileType = sourcecode.c.h; path = "Hybrid_Medlinker-Bridging-Header.h"; sourceTree = "<group>"; };
		B5D220681CE4A3DD00750A50 /* UIControl+YYAdd.h */ = {isa = PBXFileReference; fileEncoding = 4; lastKnownFileType = sourcecode.c.h; path = "UIControl+YYAdd.h"; sourceTree = "<group>"; };
		B5D220691CE4A3DD00750A50 /* UIControl+YYAdd.m */ = {isa = PBXFileReference; fileEncoding = 4; lastKnownFileType = sourcecode.c.objc; path = "UIControl+YYAdd.m"; sourceTree = "<group>"; };
		B5D2206A1CE4A3DD00750A50 /* YYKitMacro.h */ = {isa = PBXFileReference; fileEncoding = 4; lastKnownFileType = sourcecode.c.h; path = YYKitMacro.h; sourceTree = "<group>"; };
		B5D220731CE5840000750A50 /* AFHTTPSessionManager.h */ = {isa = PBXFileReference; fileEncoding = 4; lastKnownFileType = sourcecode.c.h; path = AFHTTPSessionManager.h; sourceTree = "<group>"; };
		B5D220741CE5840000750A50 /* AFHTTPSessionManager.m */ = {isa = PBXFileReference; fileEncoding = 4; lastKnownFileType = sourcecode.c.objc; path = AFHTTPSessionManager.m; sourceTree = "<group>"; };
		B5D220751CE5840000750A50 /* AFNetworking.h */ = {isa = PBXFileReference; fileEncoding = 4; lastKnownFileType = sourcecode.c.h; path = AFNetworking.h; sourceTree = "<group>"; };
		B5D220761CE5840000750A50 /* AFNetworkReachabilityManager.h */ = {isa = PBXFileReference; fileEncoding = 4; lastKnownFileType = sourcecode.c.h; path = AFNetworkReachabilityManager.h; sourceTree = "<group>"; };
		B5D220771CE5840000750A50 /* AFNetworkReachabilityManager.m */ = {isa = PBXFileReference; fileEncoding = 4; lastKnownFileType = sourcecode.c.objc; path = AFNetworkReachabilityManager.m; sourceTree = "<group>"; };
		B5D220781CE5840000750A50 /* AFSecurityPolicy.h */ = {isa = PBXFileReference; fileEncoding = 4; lastKnownFileType = sourcecode.c.h; path = AFSecurityPolicy.h; sourceTree = "<group>"; };
		B5D220791CE5840000750A50 /* AFSecurityPolicy.m */ = {isa = PBXFileReference; fileEncoding = 4; lastKnownFileType = sourcecode.c.objc; path = AFSecurityPolicy.m; sourceTree = "<group>"; };
		B5D2207A1CE5840000750A50 /* AFURLRequestSerialization.h */ = {isa = PBXFileReference; fileEncoding = 4; lastKnownFileType = sourcecode.c.h; path = AFURLRequestSerialization.h; sourceTree = "<group>"; };
		B5D2207B1CE5840000750A50 /* AFURLRequestSerialization.m */ = {isa = PBXFileReference; fileEncoding = 4; lastKnownFileType = sourcecode.c.objc; path = AFURLRequestSerialization.m; sourceTree = "<group>"; };
		B5D2207C1CE5840000750A50 /* AFURLResponseSerialization.h */ = {isa = PBXFileReference; fileEncoding = 4; lastKnownFileType = sourcecode.c.h; path = AFURLResponseSerialization.h; sourceTree = "<group>"; };
		B5D2207D1CE5840000750A50 /* AFURLResponseSerialization.m */ = {isa = PBXFileReference; fileEncoding = 4; lastKnownFileType = sourcecode.c.objc; path = AFURLResponseSerialization.m; sourceTree = "<group>"; };
		B5D2207E1CE5840000750A50 /* AFURLSessionManager.h */ = {isa = PBXFileReference; fileEncoding = 4; lastKnownFileType = sourcecode.c.h; path = AFURLSessionManager.h; sourceTree = "<group>"; };
		B5D2207F1CE5840000750A50 /* AFURLSessionManager.m */ = {isa = PBXFileReference; fileEncoding = 4; lastKnownFileType = sourcecode.c.objc; path = AFURLSessionManager.m; sourceTree = "<group>"; };
		B5D220871CE5840D00750A50 /* AFAutoPurgingImageCache.h */ = {isa = PBXFileReference; fileEncoding = 4; lastKnownFileType = sourcecode.c.h; path = AFAutoPurgingImageCache.h; sourceTree = "<group>"; };
		B5D220881CE5840D00750A50 /* AFAutoPurgingImageCache.m */ = {isa = PBXFileReference; fileEncoding = 4; lastKnownFileType = sourcecode.c.objc; path = AFAutoPurgingImageCache.m; sourceTree = "<group>"; };
		B5D220891CE5840D00750A50 /* AFImageDownloader.h */ = {isa = PBXFileReference; fileEncoding = 4; lastKnownFileType = sourcecode.c.h; path = AFImageDownloader.h; sourceTree = "<group>"; };
		B5D2208A1CE5840D00750A50 /* AFImageDownloader.m */ = {isa = PBXFileReference; fileEncoding = 4; lastKnownFileType = sourcecode.c.objc; path = AFImageDownloader.m; sourceTree = "<group>"; };
		B5D2208B1CE5840D00750A50 /* AFNetworkActivityIndicatorManager.h */ = {isa = PBXFileReference; fileEncoding = 4; lastKnownFileType = sourcecode.c.h; path = AFNetworkActivityIndicatorManager.h; sourceTree = "<group>"; };
		B5D2208C1CE5840D00750A50 /* AFNetworkActivityIndicatorManager.m */ = {isa = PBXFileReference; fileEncoding = 4; lastKnownFileType = sourcecode.c.objc; path = AFNetworkActivityIndicatorManager.m; sourceTree = "<group>"; };
		B5D2208D1CE5840D00750A50 /* UIActivityIndicatorView+AFNetworking.h */ = {isa = PBXFileReference; fileEncoding = 4; lastKnownFileType = sourcecode.c.h; path = "UIActivityIndicatorView+AFNetworking.h"; sourceTree = "<group>"; };
		B5D2208E1CE5840D00750A50 /* UIActivityIndicatorView+AFNetworking.m */ = {isa = PBXFileReference; fileEncoding = 4; lastKnownFileType = sourcecode.c.objc; path = "UIActivityIndicatorView+AFNetworking.m"; sourceTree = "<group>"; };
		B5D2208F1CE5840D00750A50 /* UIButton+AFNetworking.h */ = {isa = PBXFileReference; fileEncoding = 4; lastKnownFileType = sourcecode.c.h; path = "UIButton+AFNetworking.h"; sourceTree = "<group>"; };
		B5D220901CE5840D00750A50 /* UIButton+AFNetworking.m */ = {isa = PBXFileReference; fileEncoding = 4; lastKnownFileType = sourcecode.c.objc; path = "UIButton+AFNetworking.m"; sourceTree = "<group>"; };
		B5D220911CE5840D00750A50 /* UIImage+AFNetworking.h */ = {isa = PBXFileReference; fileEncoding = 4; lastKnownFileType = sourcecode.c.h; path = "UIImage+AFNetworking.h"; sourceTree = "<group>"; };
		B5D220921CE5840D00750A50 /* UIImageView+AFNetworking.h */ = {isa = PBXFileReference; fileEncoding = 4; lastKnownFileType = sourcecode.c.h; path = "UIImageView+AFNetworking.h"; sourceTree = "<group>"; };
		B5D220931CE5840D00750A50 /* UIImageView+AFNetworking.m */ = {isa = PBXFileReference; fileEncoding = 4; lastKnownFileType = sourcecode.c.objc; path = "UIImageView+AFNetworking.m"; sourceTree = "<group>"; };
		B5D220941CE5840D00750A50 /* UIKit+AFNetworking.h */ = {isa = PBXFileReference; fileEncoding = 4; lastKnownFileType = sourcecode.c.h; path = "UIKit+AFNetworking.h"; sourceTree = "<group>"; };
		B5D220951CE5840D00750A50 /* UIProgressView+AFNetworking.h */ = {isa = PBXFileReference; fileEncoding = 4; lastKnownFileType = sourcecode.c.h; path = "UIProgressView+AFNetworking.h"; sourceTree = "<group>"; };
		B5D220961CE5840D00750A50 /* UIProgressView+AFNetworking.m */ = {isa = PBXFileReference; fileEncoding = 4; lastKnownFileType = sourcecode.c.objc; path = "UIProgressView+AFNetworking.m"; sourceTree = "<group>"; };
		B5D220971CE5840D00750A50 /* UIRefreshControl+AFNetworking.h */ = {isa = PBXFileReference; fileEncoding = 4; lastKnownFileType = sourcecode.c.h; path = "UIRefreshControl+AFNetworking.h"; sourceTree = "<group>"; };
		B5D220981CE5840D00750A50 /* UIRefreshControl+AFNetworking.m */ = {isa = PBXFileReference; fileEncoding = 4; lastKnownFileType = sourcecode.c.objc; path = "UIRefreshControl+AFNetworking.m"; sourceTree = "<group>"; };
		B5D220991CE5840D00750A50 /* UIWebView+AFNetworking.h */ = {isa = PBXFileReference; fileEncoding = 4; lastKnownFileType = sourcecode.c.h; path = "UIWebView+AFNetworking.h"; sourceTree = "<group>"; };
		B5D2209A1CE5840D00750A50 /* UIWebView+AFNetworking.m */ = {isa = PBXFileReference; fileEncoding = 4; lastKnownFileType = sourcecode.c.objc; path = "UIWebView+AFNetworking.m"; sourceTree = "<group>"; };
		B5D220A41CE589B700750A50 /* HybridNaviTitleView.swift */ = {isa = PBXFileReference; fileEncoding = 4; lastKnownFileType = sourcecode.swift; path = HybridNaviTitleView.swift; sourceTree = "<group>"; };
		B5D220A61CE58AD900750A50 /* String+Height.swift */ = {isa = PBXFileReference; fileEncoding = 4; lastKnownFileType = sourcecode.swift; path = "String+Height.swift"; sourceTree = "<group>"; };
		B5D220A91CE5A34900750A50 /* NSObject+YYModel.h */ = {isa = PBXFileReference; fileEncoding = 4; lastKnownFileType = sourcecode.c.h; path = "NSObject+YYModel.h"; sourceTree = "<group>"; };
		B5D220AA1CE5A34900750A50 /* NSObject+YYModel.m */ = {isa = PBXFileReference; fileEncoding = 4; lastKnownFileType = sourcecode.c.objc; path = "NSObject+YYModel.m"; sourceTree = "<group>"; };
		B5D220AB1CE5A34900750A50 /* YYClassInfo.h */ = {isa = PBXFileReference; fileEncoding = 4; lastKnownFileType = sourcecode.c.h; path = YYClassInfo.h; sourceTree = "<group>"; };
		B5D220AC1CE5A34900750A50 /* YYClassInfo.m */ = {isa = PBXFileReference; fileEncoding = 4; lastKnownFileType = sourcecode.c.objc; path = YYClassInfo.m; sourceTree = "<group>"; };
		B5D220AD1CE5A34900750A50 /* YYModel.h */ = {isa = PBXFileReference; fileEncoding = 4; lastKnownFileType = sourcecode.c.h; path = YYModel.h; sourceTree = "<group>"; };
		B5D220B11CE5A44900750A50 /* Hybrid_titleModel.swift */ = {isa = PBXFileReference; fileEncoding = 4; lastKnownFileType = sourcecode.swift; path = Hybrid_titleModel.swift; sourceTree = "<group>"; };
		B5D220B31CE5A46D00750A50 /* Hybrid_naviButtonModel.swift */ = {isa = PBXFileReference; fileEncoding = 4; lastKnownFileType = sourcecode.swift; path = Hybrid_naviButtonModel.swift; sourceTree = "<group>"; };
		B5D220B51CE5AA0000750A50 /* Hybrid_headerModel.swift */ = {isa = PBXFileReference; fileEncoding = 4; lastKnownFileType = sourcecode.swift; path = Hybrid_headerModel.swift; sourceTree = "<group>"; };
/* End PBXFileReference section */

/* Begin PBXFrameworksBuildPhase section */
		B5D220281CE46F6900750A50 /* Frameworks */ = {
			isa = PBXFrameworksBuildPhase;
			buildActionMask = 2147483647;
			files = (
				B5D220611CE4710A00750A50 /* CFNetwork.framework in Frameworks */,
				B5D2205F1CE470FA00750A50 /* JavaScriptCore.framework in Frameworks */,
			);
			runOnlyForDeploymentPostprocessing = 0;
		};
		B5D2203C1CE46F6900750A50 /* Frameworks */ = {
			isa = PBXFrameworksBuildPhase;
			buildActionMask = 2147483647;
			files = (
			);
			runOnlyForDeploymentPostprocessing = 0;
		};
		B5D220471CE46F6900750A50 /* Frameworks */ = {
			isa = PBXFrameworksBuildPhase;
			buildActionMask = 2147483647;
			files = (
			);
			runOnlyForDeploymentPostprocessing = 0;
		};
/* End PBXFrameworksBuildPhase section */

/* Begin PBXGroup section */
		017B17281CFCA06700D93BFC /* View */ = {
			isa = PBXGroup;
			children = (
				B5D220A41CE589B700750A50 /* HybridNaviTitleView.swift */,
			);
			name = View;
			sourceTree = "<group>";
		};
		017B17291CFCA08100D93BFC /* Loading */ = {
			isa = PBXGroup;
			children = (
				B555E69F1CF8213700003B4E /* UIView+ML.swift */,
				B555E6A01CF8213700003B4E /* UIViewController+ML.swift */,
			);
			name = Loading;
			sourceTree = "<group>";
		};
		B555E6981CF699AE00003B4E /* Tool */ = {
			isa = PBXGroup;
			children = (
				B586C9C01CF59CF400EAAE26 /* HybirdTransion */,
				017B17291CFCA08100D93BFC /* Loading */,
				B5A076D81CFC0A6700795DF8 /* DogHybirdURLProtocol */,
				B5D220861CE5840D00750A50 /* UIKit+AFNetworking */,
				B5D220721CE583EE00750A50 /* AFNetworking */,
				B5D220661CE4A3CA00750A50 /* YYkit */,
				B5D220A61CE58AD900750A50 /* String+Height.swift */,
			);
			name = Tool;
			sourceTree = "<group>";
		};
		B555E6991CF699FA00003B4E /* DogHybird */ = {
			isa = PBXGroup;
			children = (
				017B17281CFCA06700D93BFC /* View */,
				B5D220B01CE5A3A100750A50 /* Model */,
				B555E6981CF699AE00003B4E /* Tool */,
				B5D220621CE4728800750A50 /* MLWebViewController.swift */,
				B5D2205C1CE4708000750A50 /* MLWebView.swift */,
				B5A076DE1CFD8CE700795DF8 /* MLTools.swift */,
			);
			name = DogHybird;
			sourceTree = "<group>";
		};
		B555E69C1CF6A06100003B4E /* Resources */ = {
			isa = PBXGroup;
			children = (
				B5D220671CE4A3DC00750A50 /* Hybrid_Medlinker-Bridging-Header.h */,
				B5D220351CE46F6900750A50 /* Assets.xcassets */,
				B5D220371CE46F6900750A50 /* LaunchScreen.storyboard */,
				B5D2203A1CE46F6900750A50 /* Info.plist */,
			);
			name = Resources;
			sourceTree = "<group>";
		};
		B555E69D1CF6A07400003B4E /* Controller */ = {
			isa = PBXGroup;
			children = (
				B5D2202E1CE46F6900750A50 /* AppDelegate.swift */,
				B5D220301CE46F6900750A50 /* ViewController.swift */,
				B5D220641CE4756400750A50 /* WebTestViewController.swift */,
			);
			name = Controller;
			sourceTree = "<group>";
		};
		B555E69E1CF6A08000003B4E /* View */ = {
			isa = PBXGroup;
			children = (
				B5D220321CE46F6900750A50 /* Main.storyboard */,
			);
			name = View;
			sourceTree = "<group>";
		};
		B586C9C01CF59CF400EAAE26 /* HybirdTransion */ = {
			isa = PBXGroup;
			children = (
				B586C9C11CF59D3700EAAE26 /* HybirdTransionPush.swift */,
			);
			name = HybirdTransion;
			sourceTree = "<group>";
		};
		B5A076D81CFC0A6700795DF8 /* DogHybirdURLProtocol */ = {
			isa = PBXGroup;
			children = (
				B5A076DC1CFC126C00795DF8 /* DogHybirdURLProtocol.swift */,
			);
			name = DogHybirdURLProtocol;
			sourceTree = "<group>";
		};
		B5D220221CE46F6900750A50 = {
			isa = PBXGroup;
			children = (
				0D756DC31CFDDCFB00C71E9E /* DogHybirdResources */,
				B5D220601CE4710A00750A50 /* CFNetwork.framework */,
				B5D2205E1CE470FA00750A50 /* JavaScriptCore.framework */,
				B5D2202D1CE46F6900750A50 /* Hybrid_Medlinker */,
				B5D220421CE46F6900750A50 /* Hybrid_MedlinkerTests */,
				B5D2204D1CE46F6900750A50 /* Hybrid_MedlinkerUITests */,
				B5D2202C1CE46F6900750A50 /* Products */,
			);
			sourceTree = "<group>";
		};
		B5D2202C1CE46F6900750A50 /* Products */ = {
			isa = PBXGroup;
			children = (
				B5D2202B1CE46F6900750A50 /* Hybrid_Medlinker.app */,
				B5D2203F1CE46F6900750A50 /* Hybrid_MedlinkerTests.xctest */,
				B5D2204A1CE46F6900750A50 /* Hybrid_MedlinkerUITests.xctest */,
			);
			name = Products;
			sourceTree = "<group>";
		};
		B5D2202D1CE46F6900750A50 /* Hybrid_Medlinker */ = {
			isa = PBXGroup;
			children = (
				B555E6991CF699FA00003B4E /* DogHybird */,
				B555E69E1CF6A08000003B4E /* View */,
				B555E69D1CF6A07400003B4E /* Controller */,
				B555E69C1CF6A06100003B4E /* Resources */,
			);
			path = Hybrid_Medlinker;
			sourceTree = "<group>";
		};
		B5D220421CE46F6900750A50 /* Hybrid_MedlinkerTests */ = {
			isa = PBXGroup;
			children = (
				B5D220431CE46F6900750A50 /* Hybrid_MedlinkerTests.swift */,
				B5D220451CE46F6900750A50 /* Info.plist */,
			);
			path = Hybrid_MedlinkerTests;
			sourceTree = "<group>";
		};
		B5D2204D1CE46F6900750A50 /* Hybrid_MedlinkerUITests */ = {
			isa = PBXGroup;
			children = (
				B5D2204E1CE46F6900750A50 /* Hybrid_MedlinkerUITests.swift */,
				B5D220501CE46F6900750A50 /* Info.plist */,
			);
			path = Hybrid_MedlinkerUITests;
			sourceTree = "<group>";
		};
		B5D220661CE4A3CA00750A50 /* YYkit */ = {
			isa = PBXGroup;
			children = (
				B5D220A81CE5A34900750A50 /* YYModel */,
				B5D220681CE4A3DD00750A50 /* UIControl+YYAdd.h */,
				B5D220691CE4A3DD00750A50 /* UIControl+YYAdd.m */,
				B5D2206A1CE4A3DD00750A50 /* YYKitMacro.h */,
			);
			name = YYkit;
			sourceTree = "<group>";
		};
		B5D220721CE583EE00750A50 /* AFNetworking */ = {
			isa = PBXGroup;
			children = (
				B5D220731CE5840000750A50 /* AFHTTPSessionManager.h */,
				B5D220741CE5840000750A50 /* AFHTTPSessionManager.m */,
				B5D220751CE5840000750A50 /* AFNetworking.h */,
				B5D220761CE5840000750A50 /* AFNetworkReachabilityManager.h */,
				B5D220771CE5840000750A50 /* AFNetworkReachabilityManager.m */,
				B5D220781CE5840000750A50 /* AFSecurityPolicy.h */,
				B5D220791CE5840000750A50 /* AFSecurityPolicy.m */,
				B5D2207A1CE5840000750A50 /* AFURLRequestSerialization.h */,
				B5D2207B1CE5840000750A50 /* AFURLRequestSerialization.m */,
				B5D2207C1CE5840000750A50 /* AFURLResponseSerialization.h */,
				B5D2207D1CE5840000750A50 /* AFURLResponseSerialization.m */,
				B5D2207E1CE5840000750A50 /* AFURLSessionManager.h */,
				B5D2207F1CE5840000750A50 /* AFURLSessionManager.m */,
			);
			name = AFNetworking;
			sourceTree = "<group>";
		};
		B5D220861CE5840D00750A50 /* UIKit+AFNetworking */ = {
			isa = PBXGroup;
			children = (
				B5D220871CE5840D00750A50 /* AFAutoPurgingImageCache.h */,
				B5D220881CE5840D00750A50 /* AFAutoPurgingImageCache.m */,
				B5D220891CE5840D00750A50 /* AFImageDownloader.h */,
				B5D2208A1CE5840D00750A50 /* AFImageDownloader.m */,
				B5D2208B1CE5840D00750A50 /* AFNetworkActivityIndicatorManager.h */,
				B5D2208C1CE5840D00750A50 /* AFNetworkActivityIndicatorManager.m */,
				B5D2208D1CE5840D00750A50 /* UIActivityIndicatorView+AFNetworking.h */,
				B5D2208E1CE5840D00750A50 /* UIActivityIndicatorView+AFNetworking.m */,
				B5D2208F1CE5840D00750A50 /* UIButton+AFNetworking.h */,
				B5D220901CE5840D00750A50 /* UIButton+AFNetworking.m */,
				B5D220911CE5840D00750A50 /* UIImage+AFNetworking.h */,
				B5D220921CE5840D00750A50 /* UIImageView+AFNetworking.h */,
				B5D220931CE5840D00750A50 /* UIImageView+AFNetworking.m */,
				B5D220941CE5840D00750A50 /* UIKit+AFNetworking.h */,
				B5D220951CE5840D00750A50 /* UIProgressView+AFNetworking.h */,
				B5D220961CE5840D00750A50 /* UIProgressView+AFNetworking.m */,
				B5D220971CE5840D00750A50 /* UIRefreshControl+AFNetworking.h */,
				B5D220981CE5840D00750A50 /* UIRefreshControl+AFNetworking.m */,
				B5D220991CE5840D00750A50 /* UIWebView+AFNetworking.h */,
				B5D2209A1CE5840D00750A50 /* UIWebView+AFNetworking.m */,
			);
			path = "UIKit+AFNetworking";
			sourceTree = "<group>";
		};
		B5D220A81CE5A34900750A50 /* YYModel */ = {
			isa = PBXGroup;
			children = (
				B5D220A91CE5A34900750A50 /* NSObject+YYModel.h */,
				B5D220AA1CE5A34900750A50 /* NSObject+YYModel.m */,
				B5D220AB1CE5A34900750A50 /* YYClassInfo.h */,
				B5D220AC1CE5A34900750A50 /* YYClassInfo.m */,
				B5D220AD1CE5A34900750A50 /* YYModel.h */,
			);
			path = YYModel;
			sourceTree = "<group>";
		};
		B5D220B01CE5A3A100750A50 /* Model */ = {
			isa = PBXGroup;
			children = (
				B5D220B11CE5A44900750A50 /* Hybrid_titleModel.swift */,
				B5D220B31CE5A46D00750A50 /* Hybrid_naviButtonModel.swift */,
				B5D220B51CE5AA0000750A50 /* Hybrid_headerModel.swift */,
			);
			name = Model;
			sourceTree = "<group>";
		};
/* End PBXGroup section */

/* Begin PBXNativeTarget section */
		B5D2202A1CE46F6900750A50 /* Hybrid_Medlinker */ = {
			isa = PBXNativeTarget;
			buildConfigurationList = B5D220531CE46F6900750A50 /* Build configuration list for PBXNativeTarget "Hybrid_Medlinker" */;
			buildPhases = (
				B5D220271CE46F6900750A50 /* Sources */,
				B5D220281CE46F6900750A50 /* Frameworks */,
				B5D220291CE46F6900750A50 /* Resources */,
			);
			buildRules = (
			);
			dependencies = (
			);
			name = Hybrid_Medlinker;
			productName = Hybrid_Medlinker;
			productReference = B5D2202B1CE46F6900750A50 /* Hybrid_Medlinker.app */;
			productType = "com.apple.product-type.application";
		};
		B5D2203E1CE46F6900750A50 /* Hybrid_MedlinkerTests */ = {
			isa = PBXNativeTarget;
			buildConfigurationList = B5D220561CE46F6900750A50 /* Build configuration list for PBXNativeTarget "Hybrid_MedlinkerTests" */;
			buildPhases = (
				B5D2203B1CE46F6900750A50 /* Sources */,
				B5D2203C1CE46F6900750A50 /* Frameworks */,
				B5D2203D1CE46F6900750A50 /* Resources */,
			);
			buildRules = (
			);
			dependencies = (
				B5D220411CE46F6900750A50 /* PBXTargetDependency */,
			);
			name = Hybrid_MedlinkerTests;
			productName = Hybrid_MedlinkerTests;
			productReference = B5D2203F1CE46F6900750A50 /* Hybrid_MedlinkerTests.xctest */;
			productType = "com.apple.product-type.bundle.unit-test";
		};
		B5D220491CE46F6900750A50 /* Hybrid_MedlinkerUITests */ = {
			isa = PBXNativeTarget;
			buildConfigurationList = B5D220591CE46F6900750A50 /* Build configuration list for PBXNativeTarget "Hybrid_MedlinkerUITests" */;
			buildPhases = (
				B5D220461CE46F6900750A50 /* Sources */,
				B5D220471CE46F6900750A50 /* Frameworks */,
				B5D220481CE46F6900750A50 /* Resources */,
			);
			buildRules = (
			);
			dependencies = (
				B5D2204C1CE46F6900750A50 /* PBXTargetDependency */,
			);
			name = Hybrid_MedlinkerUITests;
			productName = Hybrid_MedlinkerUITests;
			productReference = B5D2204A1CE46F6900750A50 /* Hybrid_MedlinkerUITests.xctest */;
			productType = "com.apple.product-type.bundle.ui-testing";
		};
/* End PBXNativeTarget section */

/* Begin PBXProject section */
		B5D220231CE46F6900750A50 /* Project object */ = {
			isa = PBXProject;
			attributes = {
				LastSwiftUpdateCheck = 0730;
				LastUpgradeCheck = 0730;
				ORGANIZATIONNAME = caiyang;
				TargetAttributes = {
					B5D2202A1CE46F6900750A50 = {
						CreatedOnToolsVersion = 7.3.1;
						DevelopmentTeam = 298LEY82V6;
					};
					B5D2203E1CE46F6900750A50 = {
						CreatedOnToolsVersion = 7.3.1;
						TestTargetID = B5D2202A1CE46F6900750A50;
					};
					B5D220491CE46F6900750A50 = {
						CreatedOnToolsVersion = 7.3.1;
						TestTargetID = B5D2202A1CE46F6900750A50;
					};
				};
			};
			buildConfigurationList = B5D220261CE46F6900750A50 /* Build configuration list for PBXProject "Hybrid_Medlinker" */;
			compatibilityVersion = "Xcode 3.2";
			developmentRegion = English;
			hasScannedForEncodings = 0;
			knownRegions = (
				en,
				Base,
			);
			mainGroup = B5D220221CE46F6900750A50;
			productRefGroup = B5D2202C1CE46F6900750A50 /* Products */;
			projectDirPath = "";
			projectRoot = "";
			targets = (
				B5D2202A1CE46F6900750A50 /* Hybrid_Medlinker */,
				B5D2203E1CE46F6900750A50 /* Hybrid_MedlinkerTests */,
				B5D220491CE46F6900750A50 /* Hybrid_MedlinkerUITests */,
			);
		};
/* End PBXProject section */

/* Begin PBXResourcesBuildPhase section */
		B5D220291CE46F6900750A50 /* Resources */ = {
			isa = PBXResourcesBuildPhase;
			buildActionMask = 2147483647;
			files = (
				B5D220391CE46F6900750A50 /* LaunchScreen.storyboard in Resources */,
				0D756DC41CFDDCFB00C71E9E /* DogHybirdResources in Resources */,
				B5D220361CE46F6900750A50 /* Assets.xcassets in Resources */,
				B5D220341CE46F6900750A50 /* Main.storyboard in Resources */,
			);
			runOnlyForDeploymentPostprocessing = 0;
		};
		B5D2203D1CE46F6900750A50 /* Resources */ = {
			isa = PBXResourcesBuildPhase;
			buildActionMask = 2147483647;
			files = (
			);
			runOnlyForDeploymentPostprocessing = 0;
		};
		B5D220481CE46F6900750A50 /* Resources */ = {
			isa = PBXResourcesBuildPhase;
			buildActionMask = 2147483647;
			files = (
			);
			runOnlyForDeploymentPostprocessing = 0;
		};
/* End PBXResourcesBuildPhase section */

/* Begin PBXSourcesBuildPhase section */
		B5D220271CE46F6900750A50 /* Sources */ = {
			isa = PBXSourcesBuildPhase;
			buildActionMask = 2147483647;
			files = (
				B5D220A11CE5840D00750A50 /* UIProgressView+AFNetworking.m in Sources */,
				B5D2209F1CE5840D00750A50 /* UIButton+AFNetworking.m in Sources */,
				B5D220A21CE5840D00750A50 /* UIRefreshControl+AFNetworking.m in Sources */,
				B5D220AE1CE5A34900750A50 /* NSObject+YYModel.m in Sources */,
				B5D220311CE46F6900750A50 /* ViewController.swift in Sources */,
				B5D220821CE5840000750A50 /* AFSecurityPolicy.m in Sources */,
				B5D220A51CE589B700750A50 /* HybridNaviTitleView.swift in Sources */,
				B5D220651CE4756400750A50 /* WebTestViewController.swift in Sources */,
				B5D2202F1CE46F6900750A50 /* AppDelegate.swift in Sources */,
				B5D220841CE5840000750A50 /* AFURLResponseSerialization.m in Sources */,
				B5D220B21CE5A44900750A50 /* Hybrid_titleModel.swift in Sources */,
				B555E6A11CF8213700003B4E /* UIView+ML.swift in Sources */,
				B5D2206B1CE4A3DD00750A50 /* UIControl+YYAdd.m in Sources */,
				B5D220A01CE5840D00750A50 /* UIImageView+AFNetworking.m in Sources */,
				B5D220631CE4728800750A50 /* MLWebViewController.swift in Sources */,
				B586C9C21CF59D3700EAAE26 /* HybirdTransionPush.swift in Sources */,
				B5D220801CE5840000750A50 /* AFHTTPSessionManager.m in Sources */,
				B5A076DF1CFD8CE700795DF8 /* MLTools.swift in Sources */,
				B5D2209B1CE5840D00750A50 /* AFAutoPurgingImageCache.m in Sources */,
				B5D220831CE5840000750A50 /* AFURLRequestSerialization.m in Sources */,
				B5D220B41CE5A46D00750A50 /* Hybrid_naviButtonModel.swift in Sources */,
				B5D220851CE5840000750A50 /* AFURLSessionManager.m in Sources */,
				B5D2209C1CE5840D00750A50 /* AFImageDownloader.m in Sources */,
				B5A076DD1CFC126C00795DF8 /* DogHybirdURLProtocol.swift in Sources */,
				B5D220AF1CE5A34900750A50 /* YYClassInfo.m in Sources */,
				B5D220811CE5840000750A50 /* AFNetworkReachabilityManager.m in Sources */,
				B5D220A31CE5840D00750A50 /* UIWebView+AFNetworking.m in Sources */,
				B5D220A71CE58AD900750A50 /* String+Height.swift in Sources */,
				B5D2205D1CE4708000750A50 /* MLWebView.swift in Sources */,
				B5D2209E1CE5840D00750A50 /* UIActivityIndicatorView+AFNetworking.m in Sources */,
				B555E6A21CF8213700003B4E /* UIViewController+ML.swift in Sources */,
				B5D220B61CE5AA0000750A50 /* Hybrid_headerModel.swift in Sources */,
				B5D2209D1CE5840D00750A50 /* AFNetworkActivityIndicatorManager.m in Sources */,
			);
			runOnlyForDeploymentPostprocessing = 0;
		};
		B5D2203B1CE46F6900750A50 /* Sources */ = {
			isa = PBXSourcesBuildPhase;
			buildActionMask = 2147483647;
			files = (
				B5D220441CE46F6900750A50 /* Hybrid_MedlinkerTests.swift in Sources */,
			);
			runOnlyForDeploymentPostprocessing = 0;
		};
		B5D220461CE46F6900750A50 /* Sources */ = {
			isa = PBXSourcesBuildPhase;
			buildActionMask = 2147483647;
			files = (
				B5D2204F1CE46F6900750A50 /* Hybrid_MedlinkerUITests.swift in Sources */,
			);
			runOnlyForDeploymentPostprocessing = 0;
		};
/* End PBXSourcesBuildPhase section */

/* Begin PBXTargetDependency section */
		B5D220411CE46F6900750A50 /* PBXTargetDependency */ = {
			isa = PBXTargetDependency;
			target = B5D2202A1CE46F6900750A50 /* Hybrid_Medlinker */;
			targetProxy = B5D220401CE46F6900750A50 /* PBXContainerItemProxy */;
		};
		B5D2204C1CE46F6900750A50 /* PBXTargetDependency */ = {
			isa = PBXTargetDependency;
			target = B5D2202A1CE46F6900750A50 /* Hybrid_Medlinker */;
			targetProxy = B5D2204B1CE46F6900750A50 /* PBXContainerItemProxy */;
		};
/* End PBXTargetDependency section */

/* Begin PBXVariantGroup section */
		B5D220321CE46F6900750A50 /* Main.storyboard */ = {
			isa = PBXVariantGroup;
			children = (
				B5D220331CE46F6900750A50 /* Base */,
			);
			name = Main.storyboard;
			sourceTree = "<group>";
		};
		B5D220371CE46F6900750A50 /* LaunchScreen.storyboard */ = {
			isa = PBXVariantGroup;
			children = (
				B5D220381CE46F6900750A50 /* Base */,
			);
			name = LaunchScreen.storyboard;
			sourceTree = "<group>";
		};
/* End PBXVariantGroup section */

/* Begin XCBuildConfiguration section */
		B5D220511CE46F6900750A50 /* Debug */ = {
			isa = XCBuildConfiguration;
			buildSettings = {
				ALWAYS_SEARCH_USER_PATHS = NO;
				CLANG_ANALYZER_NONNULL = YES;
				CLANG_CXX_LANGUAGE_STANDARD = "gnu++0x";
				CLANG_CXX_LIBRARY = "libc++";
				CLANG_ENABLE_MODULES = YES;
				CLANG_ENABLE_OBJC_ARC = YES;
				CLANG_WARN_BOOL_CONVERSION = YES;
				CLANG_WARN_CONSTANT_CONVERSION = YES;
				CLANG_WARN_DIRECT_OBJC_ISA_USAGE = YES_ERROR;
				CLANG_WARN_EMPTY_BODY = YES;
				CLANG_WARN_ENUM_CONVERSION = YES;
				CLANG_WARN_INT_CONVERSION = YES;
				CLANG_WARN_OBJC_ROOT_CLASS = YES_ERROR;
				CLANG_WARN_UNREACHABLE_CODE = YES;
				CLANG_WARN__DUPLICATE_METHOD_MATCH = YES;
				"CODE_SIGN_IDENTITY[sdk=iphoneos*]" = "iPhone Developer";
				COPY_PHASE_STRIP = NO;
				DEBUG_INFORMATION_FORMAT = dwarf;
				ENABLE_STRICT_OBJC_MSGSEND = YES;
				ENABLE_TESTABILITY = YES;
				GCC_C_LANGUAGE_STANDARD = gnu99;
				GCC_DYNAMIC_NO_PIC = NO;
				GCC_NO_COMMON_BLOCKS = YES;
				GCC_OPTIMIZATION_LEVEL = 0;
				GCC_PREPROCESSOR_DEFINITIONS = (
					"DEBUG=1",
					"$(inherited)",
				);
				GCC_WARN_64_TO_32_BIT_CONVERSION = YES;
				GCC_WARN_ABOUT_RETURN_TYPE = YES_ERROR;
				GCC_WARN_UNDECLARED_SELECTOR = YES;
				GCC_WARN_UNINITIALIZED_AUTOS = YES_AGGRESSIVE;
				GCC_WARN_UNUSED_FUNCTION = YES;
				GCC_WARN_UNUSED_VARIABLE = YES;
				IPHONEOS_DEPLOYMENT_TARGET = 9.3;
				MTL_ENABLE_DEBUG_INFO = YES;
				ONLY_ACTIVE_ARCH = YES;
				SDKROOT = iphoneos;
				SWIFT_OPTIMIZATION_LEVEL = "-Onone";
				TARGETED_DEVICE_FAMILY = "1,2";
			};
			name = Debug;
		};
		B5D220521CE46F6900750A50 /* Release */ = {
			isa = XCBuildConfiguration;
			buildSettings = {
				ALWAYS_SEARCH_USER_PATHS = NO;
				CLANG_ANALYZER_NONNULL = YES;
				CLANG_CXX_LANGUAGE_STANDARD = "gnu++0x";
				CLANG_CXX_LIBRARY = "libc++";
				CLANG_ENABLE_MODULES = YES;
				CLANG_ENABLE_OBJC_ARC = YES;
				CLANG_WARN_BOOL_CONVERSION = YES;
				CLANG_WARN_CONSTANT_CONVERSION = YES;
				CLANG_WARN_DIRECT_OBJC_ISA_USAGE = YES_ERROR;
				CLANG_WARN_EMPTY_BODY = YES;
				CLANG_WARN_ENUM_CONVERSION = YES;
				CLANG_WARN_INT_CONVERSION = YES;
				CLANG_WARN_OBJC_ROOT_CLASS = YES_ERROR;
				CLANG_WARN_UNREACHABLE_CODE = YES;
				CLANG_WARN__DUPLICATE_METHOD_MATCH = YES;
				"CODE_SIGN_IDENTITY[sdk=iphoneos*]" = "iPhone Developer";
				COPY_PHASE_STRIP = NO;
				DEBUG_INFORMATION_FORMAT = "dwarf-with-dsym";
				ENABLE_NS_ASSERTIONS = NO;
				ENABLE_STRICT_OBJC_MSGSEND = YES;
				GCC_C_LANGUAGE_STANDARD = gnu99;
				GCC_NO_COMMON_BLOCKS = YES;
				GCC_WARN_64_TO_32_BIT_CONVERSION = YES;
				GCC_WARN_ABOUT_RETURN_TYPE = YES_ERROR;
				GCC_WARN_UNDECLARED_SELECTOR = YES;
				GCC_WARN_UNINITIALIZED_AUTOS = YES_AGGRESSIVE;
				GCC_WARN_UNUSED_FUNCTION = YES;
				GCC_WARN_UNUSED_VARIABLE = YES;
				IPHONEOS_DEPLOYMENT_TARGET = 9.3;
				MTL_ENABLE_DEBUG_INFO = NO;
				SDKROOT = iphoneos;
				TARGETED_DEVICE_FAMILY = "1,2";
				VALIDATE_PRODUCT = YES;
			};
			name = Release;
		};
		B5D220541CE46F6900750A50 /* Debug */ = {
			isa = XCBuildConfiguration;
			buildSettings = {
				ASSETCATALOG_COMPILER_APPICON_NAME = AppIcon;
				CLANG_ENABLE_MODULES = YES;
				CODE_SIGN_IDENTITY = "iPhone Developer";
				INFOPLIST_FILE = Hybrid_Medlinker/Info.plist;
				IPHONEOS_DEPLOYMENT_TARGET = 7.0;
				LD_RUNPATH_SEARCH_PATHS = "$(inherited) @executable_path/Frameworks";
				PRODUCT_BUNDLE_IDENTIFIER = "caiyang.Hybrid-Medlinker";
				PRODUCT_NAME = "$(TARGET_NAME)";
				SWIFT_OBJC_BRIDGING_HEADER = "Hybrid_Medlinker/Hybrid_Medlinker-Bridging-Header.h";
				SWIFT_OPTIMIZATION_LEVEL = "-Onone";
			};
			name = Debug;
		};
		B5D220551CE46F6900750A50 /* Release */ = {
			isa = XCBuildConfiguration;
			buildSettings = {
				ASSETCATALOG_COMPILER_APPICON_NAME = AppIcon;
				CLANG_ENABLE_MODULES = YES;
				CODE_SIGN_IDENTITY = "iPhone Developer";
				INFOPLIST_FILE = Hybrid_Medlinker/Info.plist;
				IPHONEOS_DEPLOYMENT_TARGET = 7.0;
				LD_RUNPATH_SEARCH_PATHS = "$(inherited) @executable_path/Frameworks";
				PRODUCT_BUNDLE_IDENTIFIER = "caiyang.Hybrid-Medlinker";
				PRODUCT_NAME = "$(TARGET_NAME)";
				SWIFT_OBJC_BRIDGING_HEADER = "Hybrid_Medlinker/Hybrid_Medlinker-Bridging-Header.h";
			};
			name = Release;
		};
		B5D220571CE46F6900750A50 /* Debug */ = {
			isa = XCBuildConfiguration;
			buildSettings = {
				BUNDLE_LOADER = "$(TEST_HOST)";
				INFOPLIST_FILE = Hybrid_MedlinkerTests/Info.plist;
				LD_RUNPATH_SEARCH_PATHS = "$(inherited) @executable_path/Frameworks @loader_path/Frameworks";
				PRODUCT_BUNDLE_IDENTIFIER = "caiyang.Hybrid-MedlinkerTests";
				PRODUCT_NAME = "$(TARGET_NAME)";
				TEST_HOST = "$(BUILT_PRODUCTS_DIR)/Hybrid_Medlinker.app/Hybrid_Medlinker";
			};
			name = Debug;
		};
		B5D220581CE46F6900750A50 /* Release */ = {
			isa = XCBuildConfiguration;
			buildSettings = {
				BUNDLE_LOADER = "$(TEST_HOST)";
				INFOPLIST_FILE = Hybrid_MedlinkerTests/Info.plist;
				LD_RUNPATH_SEARCH_PATHS = "$(inherited) @executable_path/Frameworks @loader_path/Frameworks";
				PRODUCT_BUNDLE_IDENTIFIER = "caiyang.Hybrid-MedlinkerTests";
				PRODUCT_NAME = "$(TARGET_NAME)";
				TEST_HOST = "$(BUILT_PRODUCTS_DIR)/Hybrid_Medlinker.app/Hybrid_Medlinker";
			};
			name = Release;
		};
		B5D2205A1CE46F6900750A50 /* Debug */ = {
			isa = XCBuildConfiguration;
			buildSettings = {
				INFOPLIST_FILE = Hybrid_MedlinkerUITests/Info.plist;
				LD_RUNPATH_SEARCH_PATHS = "$(inherited) @executable_path/Frameworks @loader_path/Frameworks";
				PRODUCT_BUNDLE_IDENTIFIER = "caiyang.Hybrid-MedlinkerUITests";
				PRODUCT_NAME = "$(TARGET_NAME)";
				TEST_TARGET_NAME = Hybrid_Medlinker;
			};
			name = Debug;
		};
		B5D2205B1CE46F6900750A50 /* Release */ = {
			isa = XCBuildConfiguration;
			buildSettings = {
				INFOPLIST_FILE = Hybrid_MedlinkerUITests/Info.plist;
				LD_RUNPATH_SEARCH_PATHS = "$(inherited) @executable_path/Frameworks @loader_path/Frameworks";
				PRODUCT_BUNDLE_IDENTIFIER = "caiyang.Hybrid-MedlinkerUITests";
				PRODUCT_NAME = "$(TARGET_NAME)";
				TEST_TARGET_NAME = Hybrid_Medlinker;
			};
			name = Release;
		};
/* End XCBuildConfiguration section */

/* Begin XCConfigurationList section */
		B5D220261CE46F6900750A50 /* Build configuration list for PBXProject "Hybrid_Medlinker" */ = {
			isa = XCConfigurationList;
			buildConfigurations = (
				B5D220511CE46F6900750A50 /* Debug */,
				B5D220521CE46F6900750A50 /* Release */,
			);
			defaultConfigurationIsVisible = 0;
			defaultConfigurationName = Release;
		};
		B5D220531CE46F6900750A50 /* Build configuration list for PBXNativeTarget "Hybrid_Medlinker" */ = {
			isa = XCConfigurationList;
			buildConfigurations = (
				B5D220541CE46F6900750A50 /* Debug */,
				B5D220551CE46F6900750A50 /* Release */,
			);
			defaultConfigurationIsVisible = 0;
			defaultConfigurationName = Release;
		};
		B5D220561CE46F6900750A50 /* Build configuration list for PBXNativeTarget "Hybrid_MedlinkerTests" */ = {
			isa = XCConfigurationList;
			buildConfigurations = (
				B5D220571CE46F6900750A50 /* Debug */,
				B5D220581CE46F6900750A50 /* Release */,
			);
			defaultConfigurationIsVisible = 0;
			defaultConfigurationName = Release;
		};
		B5D220591CE46F6900750A50 /* Build configuration list for PBXNativeTarget "Hybrid_MedlinkerUITests" */ = {
			isa = XCConfigurationList;
			buildConfigurations = (
				B5D2205A1CE46F6900750A50 /* Debug */,
				B5D2205B1CE46F6900750A50 /* Release */,
			);
			defaultConfigurationIsVisible = 0;
			defaultConfigurationName = Release;
		};
/* End XCConfigurationList section */
	};
	rootObject = B5D220231CE46F6900750A50 /* Project object */;
}
